
Microsoft Visual Studio Solution File, Format Version 12.00
# Visual Studio Version 17
VisualStudioVersion = 17.10.34928.147
MinimumVisualStudioVersion = 10.0.40219.1
Project("{9A19103F-16F7-4668-BE54-9A1E7A4F7556}") = "Crosslink", "Crosslink\Crosslink.csproj", "{5D93B541-3E7D-49AD-9EFD-C29551A5AD85}"
EndProject
Project("{9A19103F-16F7-4668-BE54-9A1E7A4F7556}") = "Store", "Store\Store.csproj", "{EF10E88F-1738-42A2-AB79-BDD3B1B4B1C1}"
EndProject
Project("{9A19103F-16F7-4668-BE54-9A1E7A4F7556}") = "Generator", "Generator\Generator.csproj", "{ADE60626-28A1-40C7-BC7C-92EE5FB5AF35}"
EndProject
Project("{9A19103F-16F7-4668-BE54-9A1E7A4F7556}") = "Windows", "Windows\Windows.csproj", "{D9C903FF-0D46-4E81-88A4-D20264F5FC92}"
EndProject
Project("{9A19103F-16F7-4668-BE54-9A1E7A4F7556}") = "AppBuilder", "AppBuilder\AppBuilder.csproj", "{BDD60274-B364-401D-8033-DAB43C51AA5A}"
EndProject
Project("{FAE04EC0-301F-11D3-BF4B-00C04F79EFBC}") = "javanalyze", "javanalyze\javanalyze.csproj", "{860C9336-A8F9-4072-9B35-3CF8662A49AB}"
EndProject
Global
	GlobalSection(SolutionConfigurationPlatforms) = preSolution
		Debug|Any CPU = Debug|Any CPU
		Release|Any CPU = Release|Any CPU
	EndGlobalSection
	GlobalSection(ProjectConfigurationPlatforms) = postSolution
		{5D93B541-3E7D-49AD-9EFD-C29551A5AD85}.Debug|Any CPU.ActiveCfg = Debug|Any CPU
		{5D93B541-3E7D-49AD-9EFD-C29551A5AD85}.Debug|Any CPU.Build.0 = Debug|Any CPU
		{5D93B541-3E7D-49AD-9EFD-C29551A5AD85}.Release|Any CPU.ActiveCfg = Release|Any CPU
		{5D93B541-3E7D-49AD-9EFD-C29551A5AD85}.Release|Any CPU.Build.0 = Release|Any CPU
		{EF10E88F-1738-42A2-AB79-BDD3B1B4B1C1}.Debug|Any CPU.ActiveCfg = Debug|Any CPU
		{EF10E88F-1738-42A2-AB79-BDD3B1B4B1C1}.Debug|Any CPU.Build.0 = Debug|Any CPU
		{EF10E88F-1738-42A2-AB79-BDD3B1B4B1C1}.Release|Any CPU.ActiveCfg = Release|Any CPU
		{EF10E88F-1738-42A2-AB79-BDD3B1B4B1C1}.Release|Any CPU.Build.0 = Release|Any CPU
		{ADE60626-28A1-40C7-BC7C-92EE5FB5AF35}.Debug|Any CPU.ActiveCfg = Debug|Any CPU
		{ADE60626-28A1-40C7-BC7C-92EE5FB5AF35}.Debug|Any CPU.Build.0 = Debug|Any CPU
		{ADE60626-28A1-40C7-BC7C-92EE5FB5AF35}.Release|Any CPU.ActiveCfg = Release|Any CPU
		{ADE60626-28A1-40C7-BC7C-92EE5FB5AF35}.Release|Any CPU.Build.0 = Release|Any CPU
		{D9C903FF-0D46-4E81-88A4-D20264F5FC92}.Debug|Any CPU.ActiveCfg = Debug|Any CPU
		{D9C903FF-0D46-4E81-88A4-D20264F5FC92}.Debug|Any CPU.Build.0 = Debug|Any CPU
		{D9C903FF-0D46-4E81-88A4-D20264F5FC92}.Release|Any CPU.ActiveCfg = Release|Any CPU
		{D9C903FF-0D46-4E81-88A4-D20264F5FC92}.Release|Any CPU.Build.0 = Release|Any CPU
		{BDD60274-B364-401D-8033-DAB43C51AA5A}.Debug|Any CPU.ActiveCfg = Debug|Any CPU
		{BDD60274-B364-401D-8033-DAB43C51AA5A}.Debug|Any CPU.Build.0 = Debug|Any CPU
		{BDD60274-B364-401D-8033-DAB43C51AA5A}.Release|Any CPU.ActiveCfg = Release|Any CPU
		{BDD60274-B364-401D-8033-DAB43C51AA5A}.Release|Any CPU.Build.0 = Release|Any CPU
		{860C9336-A8F9-4072-9B35-3CF8662A49AB}.Debug|Any CPU.ActiveCfg = Debug|Any CPU
		{860C9336-A8F9-4072-9B35-3CF8662A49AB}.Debug|Any CPU.Build.0 = Debug|Any CPU
		{860C9336-A8F9-4072-9B35-3CF8662A49AB}.Release|Any CPU.ActiveCfg = Release|Any CPU
		{860C9336-A8F9-4072-9B35-3CF8662A49AB}.Release|Any CPU.Build.0 = Release|Any CPU
	EndGlobalSection
	GlobalSection(SolutionProperties) = preSolution
		HideSolutionNode = FALSE
	EndGlobalSection
	GlobalSection(ExtensibilityGlobals) = postSolution
		SolutionGuid = {D77E0ACB-7B84-4C5D-A4AC-E3927D259AA1}
	EndGlobalSection
EndGlobal
