
Microsoft Visual Studio Solution File, Format Version 12.00
# Visual Studio Version 17
VisualStudioVersion = 17.6.33829.357
MinimumVisualStudioVersion = 10.0.40219.1
Project("{9A19103F-16F7-4668-BE54-9A1E7A4F7556}") = "DevGPT", "DevGPT.csproj", "{9C495C06-2ECF-446E-BEBE-4FFC587FC795}"
EndProject
Project("{FAE04EC0-301F-11D3-BF4B-00C04F79EFBC}") = "DevGPTConsole", "DevGPTConsole\DevGPTConsole.csproj", "{89ADB6C8-7FC5-46A4-A688-0E304DCD1B16}"
EndProject
Global
	GlobalSection(SolutionConfigurationPlatforms) = preSolution
		Debug|Any CPU = Debug|Any CPU
		Release|Any CPU = Release|Any CPU
	EndGlobalSection
	GlobalSection(ProjectConfigurationPlatforms) = postSolution
		{9C495C06-2ECF-446E-BEBE-4FFC587FC795}.Debug|Any CPU.ActiveCfg = Debug|Any CPU
		{9C495C06-2ECF-446E-BEBE-4FFC587FC795}.Debug|Any CPU.Build.0 = Debug|Any CPU
		{9C495C06-2ECF-446E-BEBE-4FFC587FC795}.Release|Any CPU.ActiveCfg = Release|Any CPU
		{9C495C06-2ECF-446E-BEBE-4FFC587FC795}.Release|Any CPU.Build.0 = Release|Any CPU
		{89ADB6C8-7FC5-46A4-A688-0E304DCD1B16}.Debug|Any CPU.ActiveCfg = Debug|Any CPU
		{89ADB6C8-7FC5-46A4-A688-0E304DCD1B16}.Debug|Any CPU.Build.0 = Debug|Any CPU
		{89ADB6C8-7FC5-46A4-A688-0E304DCD1B16}.Release|Any CPU.ActiveCfg = Release|Any CPU
		{89ADB6C8-7FC5-46A4-A688-0E304DCD1B16}.Release|Any CPU.Build.0 = Release|Any CPU
	EndGlobalSection
	GlobalSection(SolutionProperties) = preSolution
		HideSolutionNode = FALSE
	EndGlobalSection
	GlobalSection(ExtensibilityGlobals) = postSolution
		SolutionGuid = {7E9C1544-73FA-4630-ABE2-F79550E5D1A0}
	EndGlobalSection
EndGlobal
