
Microsoft Visual Studio Solution File, Format Version 12.00
# Visual Studio Version 17
VisualStudioVersion = 17.0.31903.59
MinimumVisualStudioVersion = 10.0.40219.1
Project("{FAE04EC0-301F-11D3-BF4B-00C04F79EFBC}") = "DevGPT.Generator", "DevGPT.Generator\DevGPT.Generator.csproj", "{C614F37B-37B9-4E31-B43D-8C8699BCE39B}"
EndProject
Project("{2150E333-8FDC-42A3-9474-1A3956D46DE8}") = "Includes", "Includes", "{0863F58D-8CE4-2CD5-5F18-8EFFC3ECE8B3}"
EndProject
Project("{FAE04EC0-301F-11D3-BF4B-00C04F79EFBC}") = "DevGPT.LLMs.Classes", "LLMs\Classes\DevGPT.LLMs.Classes.csproj", "{5366C1A6-1EA9-422F-80E9-2727F20BDE12}"
EndProject
Project("{FAE04EC0-301F-11D3-BF4B-00C04F79EFBC}") = "DevGPT.LLMs.Helpers", "LLMs\Helpers\DevGPT.LLMs.Helpers.csproj", "{EA0ED35E-FDCC-45BB-8217-1C7ED4756651}"
EndProject
Project("{FAE04EC0-301F-11D3-BF4B-00C04F79EFBC}") = "DevGPT.LLMs.Client", "LLMs\Client\DevGPT.LLMs.Client.csproj", "{99572EC1-E874-42B1-9C42-4D07A77AD510}"
EndProject
Project("{FAE04EC0-301F-11D3-BF4B-00C04F79EFBC}") = "DevGPT.LLMs.OpenAI", "LLMs\OpenAI\DevGPT.LLMs.OpenAI.csproj", "{3A9934AC-D5A4-43B2-A85F-29D7ED6765BC}"
EndProject
Project("{FAE04EC0-301F-11D3-BF4B-00C04F79EFBC}") = "DevGPT.LLMs.Anthropic", "LLMs\Anthropic\DevGPT.LLMs.Anthropic.csproj", "{AC9E1BAD-E54A-42A1-B72F-156E81466192}"
EndProject
Project("{FAE04EC0-301F-11D3-BF4B-00C04F79EFBC}") = "DevGPT.LLMs.HuggingFace", "LLMs\HuggingFace\DevGPT.LLMs.HuggingFace.csproj", "{CA1F7225-A5A3-4F20-A85C-3B123A36E124}"
EndProject
Project("{2150E333-8FDC-42A3-9474-1A3956D46DE8}") = "Store", "Store", "{1A90F332-D69A-5E52-9B2B-53CAB93E69BB}"
EndProject
Project("{2150E333-8FDC-42A3-9474-1A3956D46DE8}") = "DocumentStore", "DocumentStore", "{370C7873-9C96-29E9-741F-CF408FB0DB56}"
EndProject
Project("{FAE04EC0-301F-11D3-BF4B-00C04F79EFBC}") = "DevGPT.Store.DocumentStore", "Store\DocumentStore\DevGPT.Store.DocumentStore.csproj", "{DDC94112-13CC-4EB1-83A3-1B8A00BFAEBB}"
EndProject
Project("{2150E333-8FDC-42A3-9474-1A3956D46DE8}") = "EmbeddingStore", "EmbeddingStore", "{F93D7283-0133-247F-EA18-0AC921A44BA7}"
EndProject
Project("{FAE04EC0-301F-11D3-BF4B-00C04F79EFBC}") = "DevGPT.Store.EmbeddingStore", "Store\EmbeddingStore\DevGPT.Store.EmbeddingStore.csproj", "{DDEE3362-28FA-4393-92E5-99370D91491E}"
EndProject
Global
	GlobalSection(SolutionConfigurationPlatforms) = preSolution
		Debug|Any CPU = Debug|Any CPU
		Debug|x64 = Debug|x64
		Debug|x86 = Debug|x86
		Release|Any CPU = Release|Any CPU
		Release|x64 = Release|x64
		Release|x86 = Release|x86
	EndGlobalSection
	GlobalSection(ProjectConfigurationPlatforms) = postSolution
		{C614F37B-37B9-4E31-B43D-8C8699BCE39B}.Debug|Any CPU.ActiveCfg = Debug|Any CPU
		{C614F37B-37B9-4E31-B43D-8C8699BCE39B}.Debug|Any CPU.Build.0 = Debug|Any CPU
		{C614F37B-37B9-4E31-B43D-8C8699BCE39B}.Debug|x64.ActiveCfg = Debug|Any CPU
		{C614F37B-37B9-4E31-B43D-8C8699BCE39B}.Debug|x64.Build.0 = Debug|Any CPU
		{C614F37B-37B9-4E31-B43D-8C8699BCE39B}.Debug|x86.ActiveCfg = Debug|Any CPU
		{C614F37B-37B9-4E31-B43D-8C8699BCE39B}.Debug|x86.Build.0 = Debug|Any CPU
		{C614F37B-37B9-4E31-B43D-8C8699BCE39B}.Release|Any CPU.ActiveCfg = Release|Any CPU
		{C614F37B-37B9-4E31-B43D-8C8699BCE39B}.Release|Any CPU.Build.0 = Release|Any CPU
		{C614F37B-37B9-4E31-B43D-8C8699BCE39B}.Release|x64.ActiveCfg = Release|Any CPU
		{C614F37B-37B9-4E31-B43D-8C8699BCE39B}.Release|x64.Build.0 = Release|Any CPU
		{C614F37B-37B9-4E31-B43D-8C8699BCE39B}.Release|x86.ActiveCfg = Release|Any CPU
		{C614F37B-37B9-4E31-B43D-8C8699BCE39B}.Release|x86.Build.0 = Release|Any CPU
		{5366C1A6-1EA9-422F-80E9-2727F20BDE12}.Debug|Any CPU.ActiveCfg = Debug|Any CPU
		{5366C1A6-1EA9-422F-80E9-2727F20BDE12}.Debug|Any CPU.Build.0 = Debug|Any CPU
		{5366C1A6-1EA9-422F-80E9-2727F20BDE12}.Debug|x64.ActiveCfg = Debug|Any CPU
		{5366C1A6-1EA9-422F-80E9-2727F20BDE12}.Debug|x64.Build.0 = Debug|Any CPU
		{5366C1A6-1EA9-422F-80E9-2727F20BDE12}.Debug|x86.ActiveCfg = Debug|Any CPU
		{5366C1A6-1EA9-422F-80E9-2727F20BDE12}.Debug|x86.Build.0 = Debug|Any CPU
		{5366C1A6-1EA9-422F-80E9-2727F20BDE12}.Release|Any CPU.ActiveCfg = Release|Any CPU
		{5366C1A6-1EA9-422F-80E9-2727F20BDE12}.Release|Any CPU.Build.0 = Release|Any CPU
		{5366C1A6-1EA9-422F-80E9-2727F20BDE12}.Release|x64.ActiveCfg = Release|Any CPU
		{5366C1A6-1EA9-422F-80E9-2727F20BDE12}.Release|x64.Build.0 = Release|Any CPU
		{5366C1A6-1EA9-422F-80E9-2727F20BDE12}.Release|x86.ActiveCfg = Release|Any CPU
		{5366C1A6-1EA9-422F-80E9-2727F20BDE12}.Release|x86.Build.0 = Release|Any CPU
		{EA0ED35E-FDCC-45BB-8217-1C7ED4756651}.Debug|Any CPU.ActiveCfg = Debug|Any CPU
		{EA0ED35E-FDCC-45BB-8217-1C7ED4756651}.Debug|Any CPU.Build.0 = Debug|Any CPU
		{EA0ED35E-FDCC-45BB-8217-1C7ED4756651}.Debug|x64.ActiveCfg = Debug|Any CPU
		{EA0ED35E-FDCC-45BB-8217-1C7ED4756651}.Debug|x64.Build.0 = Debug|Any CPU
		{EA0ED35E-FDCC-45BB-8217-1C7ED4756651}.Debug|x86.ActiveCfg = Debug|Any CPU
		{EA0ED35E-FDCC-45BB-8217-1C7ED4756651}.Debug|x86.Build.0 = Debug|Any CPU
		{EA0ED35E-FDCC-45BB-8217-1C7ED4756651}.Release|Any CPU.ActiveCfg = Release|Any CPU
		{EA0ED35E-FDCC-45BB-8217-1C7ED4756651}.Release|Any CPU.Build.0 = Release|Any CPU
		{EA0ED35E-FDCC-45BB-8217-1C7ED4756651}.Release|x64.ActiveCfg = Release|Any CPU
		{EA0ED35E-FDCC-45BB-8217-1C7ED4756651}.Release|x64.Build.0 = Release|Any CPU
		{EA0ED35E-FDCC-45BB-8217-1C7ED4756651}.Release|x86.ActiveCfg = Release|Any CPU
		{EA0ED35E-FDCC-45BB-8217-1C7ED4756651}.Release|x86.Build.0 = Release|Any CPU
		{99572EC1-E874-42B1-9C42-4D07A77AD510}.Debug|Any CPU.ActiveCfg = Debug|Any CPU
		{99572EC1-E874-42B1-9C42-4D07A77AD510}.Debug|Any CPU.Build.0 = Debug|Any CPU
		{99572EC1-E874-42B1-9C42-4D07A77AD510}.Debug|x64.ActiveCfg = Debug|Any CPU
		{99572EC1-E874-42B1-9C42-4D07A77AD510}.Debug|x64.Build.0 = Debug|Any CPU
		{99572EC1-E874-42B1-9C42-4D07A77AD510}.Debug|x86.ActiveCfg = Debug|Any CPU
		{99572EC1-E874-42B1-9C42-4D07A77AD510}.Debug|x86.Build.0 = Debug|Any CPU
		{99572EC1-E874-42B1-9C42-4D07A77AD510}.Release|Any CPU.ActiveCfg = Release|Any CPU
		{99572EC1-E874-42B1-9C42-4D07A77AD510}.Release|Any CPU.Build.0 = Release|Any CPU
		{99572EC1-E874-42B1-9C42-4D07A77AD510}.Release|x64.ActiveCfg = Release|Any CPU
		{99572EC1-E874-42B1-9C42-4D07A77AD510}.Release|x64.Build.0 = Release|Any CPU
		{99572EC1-E874-42B1-9C42-4D07A77AD510}.Release|x86.ActiveCfg = Release|Any CPU
		{99572EC1-E874-42B1-9C42-4D07A77AD510}.Release|x86.Build.0 = Release|Any CPU
		{3A9934AC-D5A4-43B2-A85F-29D7ED6765BC}.Debug|Any CPU.ActiveCfg = Debug|Any CPU
		{3A9934AC-D5A4-43B2-A85F-29D7ED6765BC}.Debug|Any CPU.Build.0 = Debug|Any CPU
		{3A9934AC-D5A4-43B2-A85F-29D7ED6765BC}.Debug|x64.ActiveCfg = Debug|Any CPU
		{3A9934AC-D5A4-43B2-A85F-29D7ED6765BC}.Debug|x64.Build.0 = Debug|Any CPU
		{3A9934AC-D5A4-43B2-A85F-29D7ED6765BC}.Debug|x86.ActiveCfg = Debug|Any CPU
		{3A9934AC-D5A4-43B2-A85F-29D7ED6765BC}.Debug|x86.Build.0 = Debug|Any CPU
		{3A9934AC-D5A4-43B2-A85F-29D7ED6765BC}.Release|Any CPU.ActiveCfg = Release|Any CPU
		{3A9934AC-D5A4-43B2-A85F-29D7ED6765BC}.Release|Any CPU.Build.0 = Release|Any CPU
		{3A9934AC-D5A4-43B2-A85F-29D7ED6765BC}.Release|x64.ActiveCfg = Release|Any CPU
		{3A9934AC-D5A4-43B2-A85F-29D7ED6765BC}.Release|x64.Build.0 = Release|Any CPU
		{3A9934AC-D5A4-43B2-A85F-29D7ED6765BC}.Release|x86.ActiveCfg = Release|Any CPU
		{3A9934AC-D5A4-43B2-A85F-29D7ED6765BC}.Release|x86.Build.0 = Release|Any CPU
		{AC9E1BAD-E54A-42A1-B72F-156E81466192}.Debug|Any CPU.ActiveCfg = Debug|Any CPU
		{AC9E1BAD-E54A-42A1-B72F-156E81466192}.Debug|Any CPU.Build.0 = Debug|Any CPU
		{AC9E1BAD-E54A-42A1-B72F-156E81466192}.Debug|x64.ActiveCfg = Debug|Any CPU
		{AC9E1BAD-E54A-42A1-B72F-156E81466192}.Debug|x64.Build.0 = Debug|Any CPU
		{AC9E1BAD-E54A-42A1-B72F-156E81466192}.Debug|x86.ActiveCfg = Debug|Any CPU
		{AC9E1BAD-E54A-42A1-B72F-156E81466192}.Debug|x86.Build.0 = Debug|Any CPU
		{AC9E1BAD-E54A-42A1-B72F-156E81466192}.Release|Any CPU.ActiveCfg = Release|Any CPU
		{AC9E1BAD-E54A-42A1-B72F-156E81466192}.Release|Any CPU.Build.0 = Release|Any CPU
		{AC9E1BAD-E54A-42A1-B72F-156E81466192}.Release|x64.ActiveCfg = Release|Any CPU
		{AC9E1BAD-E54A-42A1-B72F-156E81466192}.Release|x64.Build.0 = Release|Any CPU
		{AC9E1BAD-E54A-42A1-B72F-156E81466192}.Release|x86.ActiveCfg = Release|Any CPU
		{AC9E1BAD-E54A-42A1-B72F-156E81466192}.Release|x86.Build.0 = Release|Any CPU
		{CA1F7225-A5A3-4F20-A85C-3B123A36E124}.Debug|Any CPU.ActiveCfg = Debug|Any CPU
		{CA1F7225-A5A3-4F20-A85C-3B123A36E124}.Debug|Any CPU.Build.0 = Debug|Any CPU
		{CA1F7225-A5A3-4F20-A85C-3B123A36E124}.Debug|x64.ActiveCfg = Debug|Any CPU
		{CA1F7225-A5A3-4F20-A85C-3B123A36E124}.Debug|x64.Build.0 = Debug|Any CPU
		{CA1F7225-A5A3-4F20-A85C-3B123A36E124}.Debug|x86.ActiveCfg = Debug|Any CPU
		{CA1F7225-A5A3-4F20-A85C-3B123A36E124}.Debug|x86.Build.0 = Debug|Any CPU
		{CA1F7225-A5A3-4F20-A85C-3B123A36E124}.Release|Any CPU.ActiveCfg = Release|Any CPU
		{CA1F7225-A5A3-4F20-A85C-3B123A36E124}.Release|Any CPU.Build.0 = Release|Any CPU
		{CA1F7225-A5A3-4F20-A85C-3B123A36E124}.Release|x64.ActiveCfg = Release|Any CPU
		{CA1F7225-A5A3-4F20-A85C-3B123A36E124}.Release|x64.Build.0 = Release|Any CPU
		{CA1F7225-A5A3-4F20-A85C-3B123A36E124}.Release|x86.ActiveCfg = Release|Any CPU
		{CA1F7225-A5A3-4F20-A85C-3B123A36E124}.Release|x86.Build.0 = Release|Any CPU
		{DDC94112-13CC-4EB1-83A3-1B8A00BFAEBB}.Debug|Any CPU.ActiveCfg = Debug|Any CPU
		{DDC94112-13CC-4EB1-83A3-1B8A00BFAEBB}.Debug|Any CPU.Build.0 = Debug|Any CPU
		{DDC94112-13CC-4EB1-83A3-1B8A00BFAEBB}.Debug|x64.ActiveCfg = Debug|Any CPU
		{DDC94112-13CC-4EB1-83A3-1B8A00BFAEBB}.Debug|x64.Build.0 = Debug|Any CPU
		{DDC94112-13CC-4EB1-83A3-1B8A00BFAEBB}.Debug|x86.ActiveCfg = Debug|Any CPU
		{DDC94112-13CC-4EB1-83A3-1B8A00BFAEBB}.Debug|x86.Build.0 = Debug|Any CPU
		{DDC94112-13CC-4EB1-83A3-1B8A00BFAEBB}.Release|Any CPU.ActiveCfg = Release|Any CPU
		{DDC94112-13CC-4EB1-83A3-1B8A00BFAEBB}.Release|Any CPU.Build.0 = Release|Any CPU
		{DDC94112-13CC-4EB1-83A3-1B8A00BFAEBB}.Release|x64.ActiveCfg = Release|Any CPU
		{DDC94112-13CC-4EB1-83A3-1B8A00BFAEBB}.Release|x64.Build.0 = Release|Any CPU
		{DDC94112-13CC-4EB1-83A3-1B8A00BFAEBB}.Release|x86.ActiveCfg = Release|Any CPU
		{DDC94112-13CC-4EB1-83A3-1B8A00BFAEBB}.Release|x86.Build.0 = Release|Any CPU
		{DDEE3362-28FA-4393-92E5-99370D91491E}.Debug|Any CPU.ActiveCfg = Debug|Any CPU
		{DDEE3362-28FA-4393-92E5-99370D91491E}.Debug|Any CPU.Build.0 = Debug|Any CPU
		{DDEE3362-28FA-4393-92E5-99370D91491E}.Debug|x64.ActiveCfg = Debug|Any CPU
		{DDEE3362-28FA-4393-92E5-99370D91491E}.Debug|x64.Build.0 = Debug|Any CPU
		{DDEE3362-28FA-4393-92E5-99370D91491E}.Debug|x86.ActiveCfg = Debug|Any CPU
		{DDEE3362-28FA-4393-92E5-99370D91491E}.Debug|x86.Build.0 = Debug|Any CPU
		{DDEE3362-28FA-4393-92E5-99370D91491E}.Release|Any CPU.ActiveCfg = Release|Any CPU
		{DDEE3362-28FA-4393-92E5-99370D91491E}.Release|Any CPU.Build.0 = Release|Any CPU
		{DDEE3362-28FA-4393-92E5-99370D91491E}.Release|x64.ActiveCfg = Release|Any CPU
		{DDEE3362-28FA-4393-92E5-99370D91491E}.Release|x64.Build.0 = Release|Any CPU
		{DDEE3362-28FA-4393-92E5-99370D91491E}.Release|x86.ActiveCfg = Release|Any CPU
		{DDEE3362-28FA-4393-92E5-99370D91491E}.Release|x86.Build.0 = Release|Any CPU
	EndGlobalSection
	GlobalSection(SolutionProperties) = preSolution
		HideSolutionNode = FALSE
	EndGlobalSection
	GlobalSection(NestedProjects) = preSolution
		{5366C1A6-1EA9-422F-80E9-2727F20BDE12} = {0863F58D-8CE4-2CD5-5F18-8EFFC3ECE8B3}
		{EA0ED35E-FDCC-45BB-8217-1C7ED4756651} = {0863F58D-8CE4-2CD5-5F18-8EFFC3ECE8B3}
		{99572EC1-E874-42B1-9C42-4D07A77AD510} = {0863F58D-8CE4-2CD5-5F18-8EFFC3ECE8B3}
		{3A9934AC-D5A4-43B2-A85F-29D7ED6765BC} = {0863F58D-8CE4-2CD5-5F18-8EFFC3ECE8B3}
		{AC9E1BAD-E54A-42A1-B72F-156E81466192} = {0863F58D-8CE4-2CD5-5F18-8EFFC3ECE8B3}
		{CA1F7225-A5A3-4F20-A85C-3B123A36E124} = {0863F58D-8CE4-2CD5-5F18-8EFFC3ECE8B3}
		{370C7873-9C96-29E9-741F-CF408FB0DB56} = {1A90F332-D69A-5E52-9B2B-53CAB93E69BB}
		{DDC94112-13CC-4EB1-83A3-1B8A00BFAEBB} = {370C7873-9C96-29E9-741F-CF408FB0DB56}
		{F93D7283-0133-247F-EA18-0AC921A44BA7} = {1A90F332-D69A-5E52-9B2B-53CAB93E69BB}
		{DDEE3362-28FA-4393-92E5-99370D91491E} = {F93D7283-0133-247F-EA18-0AC921A44BA7}
	EndGlobalSection
EndGlobal
