
Microsoft Visual Studio Solution File, Format Version 12.00
# Visual Studio Version 17
VisualStudioVersion = 17.0.31903.59
MinimumVisualStudioVersion = 10.0.40219.1
Project("{2150E333-8FDC-42A3-9474-1A3956D46DE8}") = "LLMs", "LLMs", "{165A751F-EFC0-41ED-DABE-41C1AA8C0163}"
EndProject
Project("{FAE04EC0-301F-11D3-BF4B-00C04F79EFBC}") = "DevGPT.LLMs.Classes", "LLMs\Classes\DevGPT.LLMs.Classes.csproj", "{B641DD2C-4081-4C81-8776-18689C814E1E}"
EndProject
Project("{FAE04EC0-301F-11D3-BF4B-00C04F79EFBC}") = "DevGPT.LLMs.Helpers", "LLMs\Helpers\DevGPT.LLMs.Helpers.csproj", "{169D9EF6-99D0-40A5-AB75-126A863A41A1}"
EndProject
Project("{FAE04EC0-301F-11D3-BF4B-00C04F79EFBC}") = "DevGPT.LLMs.Client", "LLMs\Client\DevGPT.LLMs.Client.csproj", "{A58FE5DC-B9A6-4570-84A5-CE2D6A85E8F1}"
EndProject
Project("{FAE04EC0-301F-11D3-BF4B-00C04F79EFBC}") = "DevGPT.LLMs.OpenAI", "LLMs\OpenAI\DevGPT.LLMs.OpenAI.csproj", "{6A4FC682-859F-445D-8FE7-9ECB49BE9A14}"
EndProject
Project("{FAE04EC0-301F-11D3-BF4B-00C04F79EFBC}") = "DevGPT.LLMs.Anthropic", "LLMs\Anthropic\DevGPT.LLMs.Anthropic.csproj", "{488881DE-16C7-4CE0-B4BF-F4F91102D831}"
EndProject
Project("{FAE04EC0-301F-11D3-BF4B-00C04F79EFBC}") = "DevGPT.LLMs.HuggingFace", "LLMs\HuggingFace\DevGPT.LLMs.HuggingFace.csproj", "{D8C8CA56-6A77-4A71-84A0-1297AC4ED916}"
EndProject
Project("{2150E333-8FDC-42A3-9474-1A3956D46DE8}") = "Store", "Store", "{1A90F332-D69A-5E52-9B2B-53CAB93E69BB}"
EndProject
Project("{FAE04EC0-301F-11D3-BF4B-00C04F79EFBC}") = "DevGPT.Store.DocumentStore", "Store\DocumentStore\DevGPT.Store.DocumentStore.csproj", "{2865D352-CFF9-47CD-BEFD-C7A82C03B383}"
EndProject
Project("{FAE04EC0-301F-11D3-BF4B-00C04F79EFBC}") = "DevGPT.Store.EmbeddingStore", "Store\EmbeddingStore\DevGPT.Store.EmbeddingStore.csproj", "{45577AB2-B3EF-4EBC-92CE-E4AC80DFE927}"
EndProject
Project("{2150E333-8FDC-42A3-9474-1A3956D46DE8}") = "Generator", "Generator", "{3FA0F85F-A7C6-0754-1E55-9BD5D403A7D0}"
EndProject
Project("{FAE04EC0-301F-11D3-BF4B-00C04F79EFBC}") = "DevGPT.Generator", "DevGPT.Generator\DevGPT.Generator.csproj", "{F87A097B-24FF-4A81-99ED-076C0FEC1EB6}"
EndProject
Project("{2150E333-8FDC-42A3-9474-1A3956D46DE8}") = "UI", "UI", "{FA674B5A-3394-926C-2B1E-70E5B00E4A5C}"
EndProject
Project("{FAE04EC0-301F-11D3-BF4B-00C04F79EFBC}") = "DevGPT.ChatShared", "DevGPT.ChatShared\DevGPT.ChatShared.csproj", "{A76D6CAB-DC7B-4FDE-B997-8A13EA5088D3}"
EndProject
Project("{2150E333-8FDC-42A3-9474-1A3956D46DE8}") = "App", "App", "{F95F473B-E98A-ACD6-1986-755F447BE36F}"
EndProject
Project("{FAE04EC0-301F-11D3-BF4B-00C04F79EFBC}") = "AppBuilder", "App\AppBuilder\AppBuilder.csproj", "{9EEC0A49-C471-40C0-A9A4-90AD74472D13}"
EndProject
Project("{FAE04EC0-301F-11D3-BF4B-00C04F79EFBC}") = "Crosslink", "App\Crosslink\Crosslink.csproj", "{25885128-9915-420D-8C13-5B0583754094}"
EndProject
Project("{FAE04EC0-301F-11D3-BF4B-00C04F79EFBC}") = "EmbeddingsViewer", "App\EmbeddingsViewer\EmbeddingsViewer.csproj", "{4A94DBC4-F6CB-4AD7-A94E-53C243E776BB}"
EndProject
Project("{FAE04EC0-301F-11D3-BF4B-00C04F79EFBC}") = "DevGPT.ExplorerIntegration", "App\ExplorerIntegration\DevGPT.ExplorerIntegration.csproj", "{FA66D3A8-7DE1-4FA8-8982-20E46C7687B7}"
EndProject
Project("{FAE04EC0-301F-11D3-BF4B-00C04F79EFBC}") = "FolderToPostgres", "App\FolderToPostgres\FolderToPostgres.csproj", "{EAB447AF-9F9A-4BFB-A961-4AD779058DC3}"
EndProject
Project("{FAE04EC0-301F-11D3-BF4B-00C04F79EFBC}") = "HtmlMockupGenerator", "App\HtmlMockupGenerator\HtmlMockupGenerator.csproj", "{88BFE62D-6FC3-4BAB-9DE8-057A198C02F1}"
EndProject
Project("{FAE04EC0-301F-11D3-BF4B-00C04F79EFBC}") = "LlamaDemo", "App\LlamaDemo\LlamaDemo.csproj", "{322C23A5-4DEA-4956-9FD6-DEAA003344A8}"
EndProject
Project("{FAE04EC0-301F-11D3-BF4B-00C04F79EFBC}") = "DevGPT.OpenAI.IntegrationTests", "App\OpenAI.IntegrationTests\DevGPT.OpenAI.IntegrationTests.csproj", "{1F84821C-9429-4EB0-8FA9-82C8C41C90B1}"
EndProject
Project("{FAE04EC0-301F-11D3-BF4B-00C04F79EFBC}") = "PDFMaker", "App\PDFMaker\PDFMaker.csproj", "{1A331CA2-7949-433F-A647-371A59FE9037}"
EndProject
Project("{FAE04EC0-301F-11D3-BF4B-00C04F79EFBC}") = "PostgresDemo", "App\PostgresDemo\PostgresDemo.csproj", "{E93CE6ED-C659-4629-8BEE-231FBCA2AE57}"
EndProject
Project("{FAE04EC0-301F-11D3-BF4B-00C04F79EFBC}") = "Windows", "App\Windows\Windows.csproj", "{FA739B97-A907-4342-B0A1-985C92A64DD8}"
EndProject
Global
	GlobalSection(SolutionConfigurationPlatforms) = preSolution
		Debug|Any CPU = Debug|Any CPU
		Debug|x64 = Debug|x64
		Debug|x86 = Debug|x86
		Release|Any CPU = Release|Any CPU
		Release|x64 = Release|x64
		Release|x86 = Release|x86
	EndGlobalSection
	GlobalSection(ProjectConfigurationPlatforms) = postSolution
		{B641DD2C-4081-4C81-8776-18689C814E1E}.Debug|Any CPU.ActiveCfg = Debug|Any CPU
		{B641DD2C-4081-4C81-8776-18689C814E1E}.Debug|Any CPU.Build.0 = Debug|Any CPU
		{B641DD2C-4081-4C81-8776-18689C814E1E}.Debug|x64.ActiveCfg = Debug|Any CPU
		{B641DD2C-4081-4C81-8776-18689C814E1E}.Debug|x64.Build.0 = Debug|Any CPU
		{B641DD2C-4081-4C81-8776-18689C814E1E}.Debug|x86.ActiveCfg = Debug|Any CPU
		{B641DD2C-4081-4C81-8776-18689C814E1E}.Debug|x86.Build.0 = Debug|Any CPU
		{B641DD2C-4081-4C81-8776-18689C814E1E}.Release|Any CPU.ActiveCfg = Release|Any CPU
		{B641DD2C-4081-4C81-8776-18689C814E1E}.Release|Any CPU.Build.0 = Release|Any CPU
		{B641DD2C-4081-4C81-8776-18689C814E1E}.Release|x64.ActiveCfg = Release|Any CPU
		{B641DD2C-4081-4C81-8776-18689C814E1E}.Release|x64.Build.0 = Release|Any CPU
		{B641DD2C-4081-4C81-8776-18689C814E1E}.Release|x86.ActiveCfg = Release|Any CPU
		{B641DD2C-4081-4C81-8776-18689C814E1E}.Release|x86.Build.0 = Release|Any CPU
		{169D9EF6-99D0-40A5-AB75-126A863A41A1}.Debug|Any CPU.ActiveCfg = Debug|Any CPU
		{169D9EF6-99D0-40A5-AB75-126A863A41A1}.Debug|Any CPU.Build.0 = Debug|Any CPU
		{169D9EF6-99D0-40A5-AB75-126A863A41A1}.Debug|x64.ActiveCfg = Debug|Any CPU
		{169D9EF6-99D0-40A5-AB75-126A863A41A1}.Debug|x64.Build.0 = Debug|Any CPU
		{169D9EF6-99D0-40A5-AB75-126A863A41A1}.Debug|x86.ActiveCfg = Debug|Any CPU
		{169D9EF6-99D0-40A5-AB75-126A863A41A1}.Debug|x86.Build.0 = Debug|Any CPU
		{169D9EF6-99D0-40A5-AB75-126A863A41A1}.Release|Any CPU.ActiveCfg = Release|Any CPU
		{169D9EF6-99D0-40A5-AB75-126A863A41A1}.Release|Any CPU.Build.0 = Release|Any CPU
		{169D9EF6-99D0-40A5-AB75-126A863A41A1}.Release|x64.ActiveCfg = Release|Any CPU
		{169D9EF6-99D0-40A5-AB75-126A863A41A1}.Release|x64.Build.0 = Release|Any CPU
		{169D9EF6-99D0-40A5-AB75-126A863A41A1}.Release|x86.ActiveCfg = Release|Any CPU
		{169D9EF6-99D0-40A5-AB75-126A863A41A1}.Release|x86.Build.0 = Release|Any CPU
		{A58FE5DC-B9A6-4570-84A5-CE2D6A85E8F1}.Debug|Any CPU.ActiveCfg = Debug|Any CPU
		{A58FE5DC-B9A6-4570-84A5-CE2D6A85E8F1}.Debug|Any CPU.Build.0 = Debug|Any CPU
		{A58FE5DC-B9A6-4570-84A5-CE2D6A85E8F1}.Debug|x64.ActiveCfg = Debug|Any CPU
		{A58FE5DC-B9A6-4570-84A5-CE2D6A85E8F1}.Debug|x64.Build.0 = Debug|Any CPU
		{A58FE5DC-B9A6-4570-84A5-CE2D6A85E8F1}.Debug|x86.ActiveCfg = Debug|Any CPU
		{A58FE5DC-B9A6-4570-84A5-CE2D6A85E8F1}.Debug|x86.Build.0 = Debug|Any CPU
		{A58FE5DC-B9A6-4570-84A5-CE2D6A85E8F1}.Release|Any CPU.ActiveCfg = Release|Any CPU
		{A58FE5DC-B9A6-4570-84A5-CE2D6A85E8F1}.Release|Any CPU.Build.0 = Release|Any CPU
		{A58FE5DC-B9A6-4570-84A5-CE2D6A85E8F1}.Release|x64.ActiveCfg = Release|Any CPU
		{A58FE5DC-B9A6-4570-84A5-CE2D6A85E8F1}.Release|x64.Build.0 = Release|Any CPU
		{A58FE5DC-B9A6-4570-84A5-CE2D6A85E8F1}.Release|x86.ActiveCfg = Release|Any CPU
		{A58FE5DC-B9A6-4570-84A5-CE2D6A85E8F1}.Release|x86.Build.0 = Release|Any CPU
		{6A4FC682-859F-445D-8FE7-9ECB49BE9A14}.Debug|Any CPU.ActiveCfg = Debug|Any CPU
		{6A4FC682-859F-445D-8FE7-9ECB49BE9A14}.Debug|Any CPU.Build.0 = Debug|Any CPU
		{6A4FC682-859F-445D-8FE7-9ECB49BE9A14}.Debug|x64.ActiveCfg = Debug|Any CPU
		{6A4FC682-859F-445D-8FE7-9ECB49BE9A14}.Debug|x64.Build.0 = Debug|Any CPU
		{6A4FC682-859F-445D-8FE7-9ECB49BE9A14}.Debug|x86.ActiveCfg = Debug|Any CPU
		{6A4FC682-859F-445D-8FE7-9ECB49BE9A14}.Debug|x86.Build.0 = Debug|Any CPU
		{6A4FC682-859F-445D-8FE7-9ECB49BE9A14}.Release|Any CPU.ActiveCfg = Release|Any CPU
		{6A4FC682-859F-445D-8FE7-9ECB49BE9A14}.Release|Any CPU.Build.0 = Release|Any CPU
		{6A4FC682-859F-445D-8FE7-9ECB49BE9A14}.Release|x64.ActiveCfg = Release|Any CPU
		{6A4FC682-859F-445D-8FE7-9ECB49BE9A14}.Release|x64.Build.0 = Release|Any CPU
		{6A4FC682-859F-445D-8FE7-9ECB49BE9A14}.Release|x86.ActiveCfg = Release|Any CPU
		{6A4FC682-859F-445D-8FE7-9ECB49BE9A14}.Release|x86.Build.0 = Release|Any CPU
		{488881DE-16C7-4CE0-B4BF-F4F91102D831}.Debug|Any CPU.ActiveCfg = Debug|Any CPU
		{488881DE-16C7-4CE0-B4BF-F4F91102D831}.Debug|Any CPU.Build.0 = Debug|Any CPU
		{488881DE-16C7-4CE0-B4BF-F4F91102D831}.Debug|x64.ActiveCfg = Debug|Any CPU
		{488881DE-16C7-4CE0-B4BF-F4F91102D831}.Debug|x64.Build.0 = Debug|Any CPU
		{488881DE-16C7-4CE0-B4BF-F4F91102D831}.Debug|x86.ActiveCfg = Debug|Any CPU
		{488881DE-16C7-4CE0-B4BF-F4F91102D831}.Debug|x86.Build.0 = Debug|Any CPU
		{488881DE-16C7-4CE0-B4BF-F4F91102D831}.Release|Any CPU.ActiveCfg = Release|Any CPU
		{488881DE-16C7-4CE0-B4BF-F4F91102D831}.Release|Any CPU.Build.0 = Release|Any CPU
		{488881DE-16C7-4CE0-B4BF-F4F91102D831}.Release|x64.ActiveCfg = Release|Any CPU
		{488881DE-16C7-4CE0-B4BF-F4F91102D831}.Release|x64.Build.0 = Release|Any CPU
		{488881DE-16C7-4CE0-B4BF-F4F91102D831}.Release|x86.ActiveCfg = Release|Any CPU
		{488881DE-16C7-4CE0-B4BF-F4F91102D831}.Release|x86.Build.0 = Release|Any CPU
		{D8C8CA56-6A77-4A71-84A0-1297AC4ED916}.Debug|Any CPU.ActiveCfg = Debug|Any CPU
		{D8C8CA56-6A77-4A71-84A0-1297AC4ED916}.Debug|Any CPU.Build.0 = Debug|Any CPU
		{D8C8CA56-6A77-4A71-84A0-1297AC4ED916}.Debug|x64.ActiveCfg = Debug|Any CPU
		{D8C8CA56-6A77-4A71-84A0-1297AC4ED916}.Debug|x64.Build.0 = Debug|Any CPU
		{D8C8CA56-6A77-4A71-84A0-1297AC4ED916}.Debug|x86.ActiveCfg = Debug|Any CPU
		{D8C8CA56-6A77-4A71-84A0-1297AC4ED916}.Debug|x86.Build.0 = Debug|Any CPU
		{D8C8CA56-6A77-4A71-84A0-1297AC4ED916}.Release|Any CPU.ActiveCfg = Release|Any CPU
		{D8C8CA56-6A77-4A71-84A0-1297AC4ED916}.Release|Any CPU.Build.0 = Release|Any CPU
		{D8C8CA56-6A77-4A71-84A0-1297AC4ED916}.Release|x64.ActiveCfg = Release|Any CPU
		{D8C8CA56-6A77-4A71-84A0-1297AC4ED916}.Release|x64.Build.0 = Release|Any CPU
		{D8C8CA56-6A77-4A71-84A0-1297AC4ED916}.Release|x86.ActiveCfg = Release|Any CPU
		{D8C8CA56-6A77-4A71-84A0-1297AC4ED916}.Release|x86.Build.0 = Release|Any CPU
		{2865D352-CFF9-47CD-BEFD-C7A82C03B383}.Debug|Any CPU.ActiveCfg = Debug|Any CPU
		{2865D352-CFF9-47CD-BEFD-C7A82C03B383}.Debug|Any CPU.Build.0 = Debug|Any CPU
		{2865D352-CFF9-47CD-BEFD-C7A82C03B383}.Debug|x64.ActiveCfg = Debug|Any CPU
		{2865D352-CFF9-47CD-BEFD-C7A82C03B383}.Debug|x64.Build.0 = Debug|Any CPU
		{2865D352-CFF9-47CD-BEFD-C7A82C03B383}.Debug|x86.ActiveCfg = Debug|Any CPU
		{2865D352-CFF9-47CD-BEFD-C7A82C03B383}.Debug|x86.Build.0 = Debug|Any CPU
		{2865D352-CFF9-47CD-BEFD-C7A82C03B383}.Release|Any CPU.ActiveCfg = Release|Any CPU
		{2865D352-CFF9-47CD-BEFD-C7A82C03B383}.Release|Any CPU.Build.0 = Release|Any CPU
		{2865D352-CFF9-47CD-BEFD-C7A82C03B383}.Release|x64.ActiveCfg = Release|Any CPU
		{2865D352-CFF9-47CD-BEFD-C7A82C03B383}.Release|x64.Build.0 = Release|Any CPU
		{2865D352-CFF9-47CD-BEFD-C7A82C03B383}.Release|x86.ActiveCfg = Release|Any CPU
		{2865D352-CFF9-47CD-BEFD-C7A82C03B383}.Release|x86.Build.0 = Release|Any CPU
		{45577AB2-B3EF-4EBC-92CE-E4AC80DFE927}.Debug|Any CPU.ActiveCfg = Debug|Any CPU
		{45577AB2-B3EF-4EBC-92CE-E4AC80DFE927}.Debug|Any CPU.Build.0 = Debug|Any CPU
		{45577AB2-B3EF-4EBC-92CE-E4AC80DFE927}.Debug|x64.ActiveCfg = Debug|Any CPU
		{45577AB2-B3EF-4EBC-92CE-E4AC80DFE927}.Debug|x64.Build.0 = Debug|Any CPU
		{45577AB2-B3EF-4EBC-92CE-E4AC80DFE927}.Debug|x86.ActiveCfg = Debug|Any CPU
		{45577AB2-B3EF-4EBC-92CE-E4AC80DFE927}.Debug|x86.Build.0 = Debug|Any CPU
		{45577AB2-B3EF-4EBC-92CE-E4AC80DFE927}.Release|Any CPU.ActiveCfg = Release|Any CPU
		{45577AB2-B3EF-4EBC-92CE-E4AC80DFE927}.Release|Any CPU.Build.0 = Release|Any CPU
		{45577AB2-B3EF-4EBC-92CE-E4AC80DFE927}.Release|x64.ActiveCfg = Release|Any CPU
		{45577AB2-B3EF-4EBC-92CE-E4AC80DFE927}.Release|x64.Build.0 = Release|Any CPU
		{45577AB2-B3EF-4EBC-92CE-E4AC80DFE927}.Release|x86.ActiveCfg = Release|Any CPU
		{45577AB2-B3EF-4EBC-92CE-E4AC80DFE927}.Release|x86.Build.0 = Release|Any CPU
		{F87A097B-24FF-4A81-99ED-076C0FEC1EB6}.Debug|Any CPU.ActiveCfg = Debug|Any CPU
		{F87A097B-24FF-4A81-99ED-076C0FEC1EB6}.Debug|Any CPU.Build.0 = Debug|Any CPU
		{F87A097B-24FF-4A81-99ED-076C0FEC1EB6}.Debug|x64.ActiveCfg = Debug|Any CPU
		{F87A097B-24FF-4A81-99ED-076C0FEC1EB6}.Debug|x64.Build.0 = Debug|Any CPU
		{F87A097B-24FF-4A81-99ED-076C0FEC1EB6}.Debug|x86.ActiveCfg = Debug|Any CPU
		{F87A097B-24FF-4A81-99ED-076C0FEC1EB6}.Debug|x86.Build.0 = Debug|Any CPU
		{F87A097B-24FF-4A81-99ED-076C0FEC1EB6}.Release|Any CPU.ActiveCfg = Release|Any CPU
		{F87A097B-24FF-4A81-99ED-076C0FEC1EB6}.Release|Any CPU.Build.0 = Release|Any CPU
		{F87A097B-24FF-4A81-99ED-076C0FEC1EB6}.Release|x64.ActiveCfg = Release|Any CPU
		{F87A097B-24FF-4A81-99ED-076C0FEC1EB6}.Release|x64.Build.0 = Release|Any CPU
		{F87A097B-24FF-4A81-99ED-076C0FEC1EB6}.Release|x86.ActiveCfg = Release|Any CPU
		{F87A097B-24FF-4A81-99ED-076C0FEC1EB6}.Release|x86.Build.0 = Release|Any CPU
		{A76D6CAB-DC7B-4FDE-B997-8A13EA5088D3}.Debug|Any CPU.ActiveCfg = Debug|Any CPU
		{A76D6CAB-DC7B-4FDE-B997-8A13EA5088D3}.Debug|Any CPU.Build.0 = Debug|Any CPU
		{A76D6CAB-DC7B-4FDE-B997-8A13EA5088D3}.Debug|x64.ActiveCfg = Debug|Any CPU
		{A76D6CAB-DC7B-4FDE-B997-8A13EA5088D3}.Debug|x64.Build.0 = Debug|Any CPU
		{A76D6CAB-DC7B-4FDE-B997-8A13EA5088D3}.Debug|x86.ActiveCfg = Debug|Any CPU
		{A76D6CAB-DC7B-4FDE-B997-8A13EA5088D3}.Debug|x86.Build.0 = Debug|Any CPU
		{A76D6CAB-DC7B-4FDE-B997-8A13EA5088D3}.Release|Any CPU.ActiveCfg = Release|Any CPU
		{A76D6CAB-DC7B-4FDE-B997-8A13EA5088D3}.Release|Any CPU.Build.0 = Release|Any CPU
		{A76D6CAB-DC7B-4FDE-B997-8A13EA5088D3}.Release|x64.ActiveCfg = Release|Any CPU
		{A76D6CAB-DC7B-4FDE-B997-8A13EA5088D3}.Release|x64.Build.0 = Release|Any CPU
		{A76D6CAB-DC7B-4FDE-B997-8A13EA5088D3}.Release|x86.ActiveCfg = Release|Any CPU
		{A76D6CAB-DC7B-4FDE-B997-8A13EA5088D3}.Release|x86.Build.0 = Release|Any CPU
		{9EEC0A49-C471-40C0-A9A4-90AD74472D13}.Debug|Any CPU.ActiveCfg = Debug|Any CPU
		{9EEC0A49-C471-40C0-A9A4-90AD74472D13}.Debug|Any CPU.Build.0 = Debug|Any CPU
		{9EEC0A49-C471-40C0-A9A4-90AD74472D13}.Debug|x64.ActiveCfg = Debug|Any CPU
		{9EEC0A49-C471-40C0-A9A4-90AD74472D13}.Debug|x64.Build.0 = Debug|Any CPU
		{9EEC0A49-C471-40C0-A9A4-90AD74472D13}.Debug|x86.ActiveCfg = Debug|Any CPU
		{9EEC0A49-C471-40C0-A9A4-90AD74472D13}.Debug|x86.Build.0 = Debug|Any CPU
		{9EEC0A49-C471-40C0-A9A4-90AD74472D13}.Release|Any CPU.ActiveCfg = Release|Any CPU
		{9EEC0A49-C471-40C0-A9A4-90AD74472D13}.Release|Any CPU.Build.0 = Release|Any CPU
		{9EEC0A49-C471-40C0-A9A4-90AD74472D13}.Release|x64.ActiveCfg = Release|Any CPU
		{9EEC0A49-C471-40C0-A9A4-90AD74472D13}.Release|x64.Build.0 = Release|Any CPU
		{9EEC0A49-C471-40C0-A9A4-90AD74472D13}.Release|x86.ActiveCfg = Release|Any CPU
		{9EEC0A49-C471-40C0-A9A4-90AD74472D13}.Release|x86.Build.0 = Release|Any CPU
		{25885128-9915-420D-8C13-5B0583754094}.Debug|Any CPU.ActiveCfg = Debug|Any CPU
		{25885128-9915-420D-8C13-5B0583754094}.Debug|Any CPU.Build.0 = Debug|Any CPU
		{25885128-9915-420D-8C13-5B0583754094}.Debug|x64.ActiveCfg = Debug|Any CPU
		{25885128-9915-420D-8C13-5B0583754094}.Debug|x64.Build.0 = Debug|Any CPU
		{25885128-9915-420D-8C13-5B0583754094}.Debug|x86.ActiveCfg = Debug|Any CPU
		{25885128-9915-420D-8C13-5B0583754094}.Debug|x86.Build.0 = Debug|Any CPU
		{25885128-9915-420D-8C13-5B0583754094}.Release|Any CPU.ActiveCfg = Release|Any CPU
		{25885128-9915-420D-8C13-5B0583754094}.Release|Any CPU.Build.0 = Release|Any CPU
		{25885128-9915-420D-8C13-5B0583754094}.Release|x64.ActiveCfg = Release|Any CPU
		{25885128-9915-420D-8C13-5B0583754094}.Release|x64.Build.0 = Release|Any CPU
		{25885128-9915-420D-8C13-5B0583754094}.Release|x86.ActiveCfg = Release|Any CPU
		{25885128-9915-420D-8C13-5B0583754094}.Release|x86.Build.0 = Release|Any CPU
		{4A94DBC4-F6CB-4AD7-A94E-53C243E776BB}.Debug|Any CPU.ActiveCfg = Debug|Any CPU
		{4A94DBC4-F6CB-4AD7-A94E-53C243E776BB}.Debug|Any CPU.Build.0 = Debug|Any CPU
		{4A94DBC4-F6CB-4AD7-A94E-53C243E776BB}.Debug|x64.ActiveCfg = Debug|Any CPU
		{4A94DBC4-F6CB-4AD7-A94E-53C243E776BB}.Debug|x64.Build.0 = Debug|Any CPU
		{4A94DBC4-F6CB-4AD7-A94E-53C243E776BB}.Debug|x86.ActiveCfg = Debug|Any CPU
		{4A94DBC4-F6CB-4AD7-A94E-53C243E776BB}.Debug|x86.Build.0 = Debug|Any CPU
		{4A94DBC4-F6CB-4AD7-A94E-53C243E776BB}.Release|Any CPU.ActiveCfg = Release|Any CPU
		{4A94DBC4-F6CB-4AD7-A94E-53C243E776BB}.Release|Any CPU.Build.0 = Release|Any CPU
		{4A94DBC4-F6CB-4AD7-A94E-53C243E776BB}.Release|x64.ActiveCfg = Release|Any CPU
		{4A94DBC4-F6CB-4AD7-A94E-53C243E776BB}.Release|x64.Build.0 = Release|Any CPU
		{4A94DBC4-F6CB-4AD7-A94E-53C243E776BB}.Release|x86.ActiveCfg = Release|Any CPU
		{4A94DBC4-F6CB-4AD7-A94E-53C243E776BB}.Release|x86.Build.0 = Release|Any CPU
		{FA66D3A8-7DE1-4FA8-8982-20E46C7687B7}.Debug|Any CPU.ActiveCfg = Debug|Any CPU
		{FA66D3A8-7DE1-4FA8-8982-20E46C7687B7}.Debug|Any CPU.Build.0 = Debug|Any CPU
		{FA66D3A8-7DE1-4FA8-8982-20E46C7687B7}.Debug|x64.ActiveCfg = Debug|Any CPU
		{FA66D3A8-7DE1-4FA8-8982-20E46C7687B7}.Debug|x64.Build.0 = Debug|Any CPU
		{FA66D3A8-7DE1-4FA8-8982-20E46C7687B7}.Debug|x86.ActiveCfg = Debug|Any CPU
		{FA66D3A8-7DE1-4FA8-8982-20E46C7687B7}.Debug|x86.Build.0 = Debug|Any CPU
		{FA66D3A8-7DE1-4FA8-8982-20E46C7687B7}.Release|Any CPU.ActiveCfg = Release|Any CPU
		{FA66D3A8-7DE1-4FA8-8982-20E46C7687B7}.Release|Any CPU.Build.0 = Release|Any CPU
		{FA66D3A8-7DE1-4FA8-8982-20E46C7687B7}.Release|x64.ActiveCfg = Release|Any CPU
		{FA66D3A8-7DE1-4FA8-8982-20E46C7687B7}.Release|x64.Build.0 = Release|Any CPU
		{FA66D3A8-7DE1-4FA8-8982-20E46C7687B7}.Release|x86.ActiveCfg = Release|Any CPU
		{FA66D3A8-7DE1-4FA8-8982-20E46C7687B7}.Release|x86.Build.0 = Release|Any CPU
		{EAB447AF-9F9A-4BFB-A961-4AD779058DC3}.Debug|Any CPU.ActiveCfg = Debug|Any CPU
		{EAB447AF-9F9A-4BFB-A961-4AD779058DC3}.Debug|Any CPU.Build.0 = Debug|Any CPU
		{EAB447AF-9F9A-4BFB-A961-4AD779058DC3}.Debug|x64.ActiveCfg = Debug|Any CPU
		{EAB447AF-9F9A-4BFB-A961-4AD779058DC3}.Debug|x64.Build.0 = Debug|Any CPU
		{EAB447AF-9F9A-4BFB-A961-4AD779058DC3}.Debug|x86.ActiveCfg = Debug|Any CPU
		{EAB447AF-9F9A-4BFB-A961-4AD779058DC3}.Debug|x86.Build.0 = Debug|Any CPU
		{EAB447AF-9F9A-4BFB-A961-4AD779058DC3}.Release|Any CPU.ActiveCfg = Release|Any CPU
		{EAB447AF-9F9A-4BFB-A961-4AD779058DC3}.Release|Any CPU.Build.0 = Release|Any CPU
		{EAB447AF-9F9A-4BFB-A961-4AD779058DC3}.Release|x64.ActiveCfg = Release|Any CPU
		{EAB447AF-9F9A-4BFB-A961-4AD779058DC3}.Release|x64.Build.0 = Release|Any CPU
		{EAB447AF-9F9A-4BFB-A961-4AD779058DC3}.Release|x86.ActiveCfg = Release|Any CPU
		{EAB447AF-9F9A-4BFB-A961-4AD779058DC3}.Release|x86.Build.0 = Release|Any CPU
		{88BFE62D-6FC3-4BAB-9DE8-057A198C02F1}.Debug|Any CPU.ActiveCfg = Debug|Any CPU
		{88BFE62D-6FC3-4BAB-9DE8-057A198C02F1}.Debug|Any CPU.Build.0 = Debug|Any CPU
		{88BFE62D-6FC3-4BAB-9DE8-057A198C02F1}.Debug|x64.ActiveCfg = Debug|Any CPU
		{88BFE62D-6FC3-4BAB-9DE8-057A198C02F1}.Debug|x64.Build.0 = Debug|Any CPU
		{88BFE62D-6FC3-4BAB-9DE8-057A198C02F1}.Debug|x86.ActiveCfg = Debug|Any CPU
		{88BFE62D-6FC3-4BAB-9DE8-057A198C02F1}.Debug|x86.Build.0 = Debug|Any CPU
		{88BFE62D-6FC3-4BAB-9DE8-057A198C02F1}.Release|Any CPU.ActiveCfg = Release|Any CPU
		{88BFE62D-6FC3-4BAB-9DE8-057A198C02F1}.Release|Any CPU.Build.0 = Release|Any CPU
		{88BFE62D-6FC3-4BAB-9DE8-057A198C02F1}.Release|x64.ActiveCfg = Release|Any CPU
		{88BFE62D-6FC3-4BAB-9DE8-057A198C02F1}.Release|x64.Build.0 = Release|Any CPU
		{88BFE62D-6FC3-4BAB-9DE8-057A198C02F1}.Release|x86.ActiveCfg = Release|Any CPU
		{88BFE62D-6FC3-4BAB-9DE8-057A198C02F1}.Release|x86.Build.0 = Release|Any CPU
		{322C23A5-4DEA-4956-9FD6-DEAA003344A8}.Debug|Any CPU.ActiveCfg = Debug|Any CPU
		{322C23A5-4DEA-4956-9FD6-DEAA003344A8}.Debug|Any CPU.Build.0 = Debug|Any CPU
		{322C23A5-4DEA-4956-9FD6-DEAA003344A8}.Debug|x64.ActiveCfg = Debug|Any CPU
		{322C23A5-4DEA-4956-9FD6-DEAA003344A8}.Debug|x64.Build.0 = Debug|Any CPU
		{322C23A5-4DEA-4956-9FD6-DEAA003344A8}.Debug|x86.ActiveCfg = Debug|Any CPU
		{322C23A5-4DEA-4956-9FD6-DEAA003344A8}.Debug|x86.Build.0 = Debug|Any CPU
		{322C23A5-4DEA-4956-9FD6-DEAA003344A8}.Release|Any CPU.ActiveCfg = Release|Any CPU
		{322C23A5-4DEA-4956-9FD6-DEAA003344A8}.Release|Any CPU.Build.0 = Release|Any CPU
		{322C23A5-4DEA-4956-9FD6-DEAA003344A8}.Release|x64.ActiveCfg = Release|Any CPU
		{322C23A5-4DEA-4956-9FD6-DEAA003344A8}.Release|x64.Build.0 = Release|Any CPU
		{322C23A5-4DEA-4956-9FD6-DEAA003344A8}.Release|x86.ActiveCfg = Release|Any CPU
		{322C23A5-4DEA-4956-9FD6-DEAA003344A8}.Release|x86.Build.0 = Release|Any CPU
		{1F84821C-9429-4EB0-8FA9-82C8C41C90B1}.Debug|Any CPU.ActiveCfg = Debug|Any CPU
		{1F84821C-9429-4EB0-8FA9-82C8C41C90B1}.Debug|Any CPU.Build.0 = Debug|Any CPU
		{1F84821C-9429-4EB0-8FA9-82C8C41C90B1}.Debug|x64.ActiveCfg = Debug|Any CPU
		{1F84821C-9429-4EB0-8FA9-82C8C41C90B1}.Debug|x64.Build.0 = Debug|Any CPU
		{1F84821C-9429-4EB0-8FA9-82C8C41C90B1}.Debug|x86.ActiveCfg = Debug|Any CPU
		{1F84821C-9429-4EB0-8FA9-82C8C41C90B1}.Debug|x86.Build.0 = Debug|Any CPU
		{1F84821C-9429-4EB0-8FA9-82C8C41C90B1}.Release|Any CPU.ActiveCfg = Release|Any CPU
		{1F84821C-9429-4EB0-8FA9-82C8C41C90B1}.Release|Any CPU.Build.0 = Release|Any CPU
		{1F84821C-9429-4EB0-8FA9-82C8C41C90B1}.Release|x64.ActiveCfg = Release|Any CPU
		{1F84821C-9429-4EB0-8FA9-82C8C41C90B1}.Release|x64.Build.0 = Release|Any CPU
		{1F84821C-9429-4EB0-8FA9-82C8C41C90B1}.Release|x86.ActiveCfg = Release|Any CPU
		{1F84821C-9429-4EB0-8FA9-82C8C41C90B1}.Release|x86.Build.0 = Release|Any CPU
		{1A331CA2-7949-433F-A647-371A59FE9037}.Debug|Any CPU.ActiveCfg = Debug|Any CPU
		{1A331CA2-7949-433F-A647-371A59FE9037}.Debug|Any CPU.Build.0 = Debug|Any CPU
		{1A331CA2-7949-433F-A647-371A59FE9037}.Debug|x64.ActiveCfg = Debug|Any CPU
		{1A331CA2-7949-433F-A647-371A59FE9037}.Debug|x64.Build.0 = Debug|Any CPU
		{1A331CA2-7949-433F-A647-371A59FE9037}.Debug|x86.ActiveCfg = Debug|Any CPU
		{1A331CA2-7949-433F-A647-371A59FE9037}.Debug|x86.Build.0 = Debug|Any CPU
		{1A331CA2-7949-433F-A647-371A59FE9037}.Release|Any CPU.ActiveCfg = Release|Any CPU
		{1A331CA2-7949-433F-A647-371A59FE9037}.Release|Any CPU.Build.0 = Release|Any CPU
		{1A331CA2-7949-433F-A647-371A59FE9037}.Release|x64.ActiveCfg = Release|Any CPU
		{1A331CA2-7949-433F-A647-371A59FE9037}.Release|x64.Build.0 = Release|Any CPU
		{1A331CA2-7949-433F-A647-371A59FE9037}.Release|x86.ActiveCfg = Release|Any CPU
		{1A331CA2-7949-433F-A647-371A59FE9037}.Release|x86.Build.0 = Release|Any CPU
		{E93CE6ED-C659-4629-8BEE-231FBCA2AE57}.Debug|Any CPU.ActiveCfg = Debug|Any CPU
		{E93CE6ED-C659-4629-8BEE-231FBCA2AE57}.Debug|Any CPU.Build.0 = Debug|Any CPU
		{E93CE6ED-C659-4629-8BEE-231FBCA2AE57}.Debug|x64.ActiveCfg = Debug|Any CPU
		{E93CE6ED-C659-4629-8BEE-231FBCA2AE57}.Debug|x64.Build.0 = Debug|Any CPU
		{E93CE6ED-C659-4629-8BEE-231FBCA2AE57}.Debug|x86.ActiveCfg = Debug|Any CPU
		{E93CE6ED-C659-4629-8BEE-231FBCA2AE57}.Debug|x86.Build.0 = Debug|Any CPU
		{E93CE6ED-C659-4629-8BEE-231FBCA2AE57}.Release|Any CPU.ActiveCfg = Release|Any CPU
		{E93CE6ED-C659-4629-8BEE-231FBCA2AE57}.Release|Any CPU.Build.0 = Release|Any CPU
		{E93CE6ED-C659-4629-8BEE-231FBCA2AE57}.Release|x64.ActiveCfg = Release|Any CPU
		{E93CE6ED-C659-4629-8BEE-231FBCA2AE57}.Release|x64.Build.0 = Release|Any CPU
		{E93CE6ED-C659-4629-8BEE-231FBCA2AE57}.Release|x86.ActiveCfg = Release|Any CPU
		{E93CE6ED-C659-4629-8BEE-231FBCA2AE57}.Release|x86.Build.0 = Release|Any CPU
		{FA739B97-A907-4342-B0A1-985C92A64DD8}.Debug|Any CPU.ActiveCfg = Debug|Any CPU
		{FA739B97-A907-4342-B0A1-985C92A64DD8}.Debug|Any CPU.Build.0 = Debug|Any CPU
		{FA739B97-A907-4342-B0A1-985C92A64DD8}.Debug|x64.ActiveCfg = Debug|Any CPU
		{FA739B97-A907-4342-B0A1-985C92A64DD8}.Debug|x64.Build.0 = Debug|Any CPU
		{FA739B97-A907-4342-B0A1-985C92A64DD8}.Debug|x86.ActiveCfg = Debug|Any CPU
		{FA739B97-A907-4342-B0A1-985C92A64DD8}.Debug|x86.Build.0 = Debug|Any CPU
		{FA739B97-A907-4342-B0A1-985C92A64DD8}.Release|Any CPU.ActiveCfg = Release|Any CPU
		{FA739B97-A907-4342-B0A1-985C92A64DD8}.Release|Any CPU.Build.0 = Release|Any CPU
		{FA739B97-A907-4342-B0A1-985C92A64DD8}.Release|x64.ActiveCfg = Release|Any CPU
		{FA739B97-A907-4342-B0A1-985C92A64DD8}.Release|x64.Build.0 = Release|Any CPU
		{FA739B97-A907-4342-B0A1-985C92A64DD8}.Release|x86.ActiveCfg = Release|Any CPU
		{FA739B97-A907-4342-B0A1-985C92A64DD8}.Release|x86.Build.0 = Release|Any CPU
	EndGlobalSection
	GlobalSection(SolutionProperties) = preSolution
		HideSolutionNode = FALSE
	EndGlobalSection
	GlobalSection(NestedProjects) = preSolution
		{B641DD2C-4081-4C81-8776-18689C814E1E} = {165A751F-EFC0-41ED-DABE-41C1AA8C0163}
		{169D9EF6-99D0-40A5-AB75-126A863A41A1} = {165A751F-EFC0-41ED-DABE-41C1AA8C0163}
		{A58FE5DC-B9A6-4570-84A5-CE2D6A85E8F1} = {165A751F-EFC0-41ED-DABE-41C1AA8C0163}
		{6A4FC682-859F-445D-8FE7-9ECB49BE9A14} = {165A751F-EFC0-41ED-DABE-41C1AA8C0163}
		{488881DE-16C7-4CE0-B4BF-F4F91102D831} = {165A751F-EFC0-41ED-DABE-41C1AA8C0163}
		{D8C8CA56-6A77-4A71-84A0-1297AC4ED916} = {165A751F-EFC0-41ED-DABE-41C1AA8C0163}
		{2865D352-CFF9-47CD-BEFD-C7A82C03B383} = {1A90F332-D69A-5E52-9B2B-53CAB93E69BB}
		{45577AB2-B3EF-4EBC-92CE-E4AC80DFE927} = {1A90F332-D69A-5E52-9B2B-53CAB93E69BB}
		{F87A097B-24FF-4A81-99ED-076C0FEC1EB6} = {3FA0F85F-A7C6-0754-1E55-9BD5D403A7D0}
		{A76D6CAB-DC7B-4FDE-B997-8A13EA5088D3} = {FA674B5A-3394-926C-2B1E-70E5B00E4A5C}
		{9EEC0A49-C471-40C0-A9A4-90AD74472D13} = {F95F473B-E98A-ACD6-1986-755F447BE36F}
		{25885128-9915-420D-8C13-5B0583754094} = {F95F473B-E98A-ACD6-1986-755F447BE36F}
		{4A94DBC4-F6CB-4AD7-A94E-53C243E776BB} = {F95F473B-E98A-ACD6-1986-755F447BE36F}
		{FA66D3A8-7DE1-4FA8-8982-20E46C7687B7} = {F95F473B-E98A-ACD6-1986-755F447BE36F}
		{EAB447AF-9F9A-4BFB-A961-4AD779058DC3} = {F95F473B-E98A-ACD6-1986-755F447BE36F}
		{88BFE62D-6FC3-4BAB-9DE8-057A198C02F1} = {F95F473B-E98A-ACD6-1986-755F447BE36F}
		{322C23A5-4DEA-4956-9FD6-DEAA003344A8} = {F95F473B-E98A-ACD6-1986-755F447BE36F}
		{1F84821C-9429-4EB0-8FA9-82C8C41C90B1} = {F95F473B-E98A-ACD6-1986-755F447BE36F}
		{1A331CA2-7949-433F-A647-371A59FE9037} = {F95F473B-E98A-ACD6-1986-755F447BE36F}
		{E93CE6ED-C659-4629-8BEE-231FBCA2AE57} = {F95F473B-E98A-ACD6-1986-755F447BE36F}
		{FA739B97-A907-4342-B0A1-985C92A64DD8} = {F95F473B-E98A-ACD6-1986-755F447BE36F}
	EndGlobalSection
EndGlobal
