
Microsoft Visual Studio Solution File, Format Version 12.00
# Visual Studio Version 17
VisualStudioVersion = 17.0.31903.59
MinimumVisualStudioVersion = 10.0.40219.1
Project("{2150E333-8FDC-42A3-9474-1A3956D46DE8}") = "Includes", "Includes", "{0863F58D-8CE4-2CD5-5F18-8EFFC3ECE8B3}"
EndProject
Project("{FAE04EC0-301F-11D3-BF4B-00C04F79EFBC}") = "DevGPT.LLMs.Classes", "LLMs\Classes\DevGPT.LLMs.Classes.csproj", "{FC482167-A00E-4EAD-B6FE-ED4FA920147D}"
EndProject
Project("{FAE04EC0-301F-11D3-BF4B-00C04F79EFBC}") = "DevGPT.LLMs.Helpers", "LLMs\Helpers\DevGPT.LLMs.Helpers.csproj", "{5C8ABF68-CD5C-4077-B44E-E0BF6A5B5391}"
EndProject
Project("{FAE04EC0-301F-11D3-BF4B-00C04F79EFBC}") = "DevGPT.LLMs.Client", "LLMs\Client\DevGPT.LLMs.Client.csproj", "{71A78250-20BF-40E2-A728-1F3B1CAD9D1A}"
EndProject
Project("{FAE04EC0-301F-11D3-BF4B-00C04F79EFBC}") = "DevGPT.LLMs.OpenAI", "LLMs\OpenAI\DevGPT.LLMs.OpenAI.csproj", "{DF33ABFC-03C3-42C8-A01E-80E34B7F3557}"
EndProject
Project("{FAE04EC0-301F-11D3-BF4B-00C04F79EFBC}") = "DevGPT.LLMs.Anthropic", "LLMs\Anthropic\DevGPT.LLMs.Anthropic.csproj", "{5DC9D0EE-E06C-48CE-B5A9-3DEF977CC063}"
EndProject
Project("{FAE04EC0-301F-11D3-BF4B-00C04F79EFBC}") = "DevGPT.LLMs.HuggingFace", "LLMs\HuggingFace\DevGPT.LLMs.HuggingFace.csproj", "{BCA74098-2417-41C6-B67E-D4A84CB86685}"
EndProject
Project("{2150E333-8FDC-42A3-9474-1A3956D46DE8}") = "Store", "Store", "{1A90F332-D69A-5E52-9B2B-53CAB93E69BB}"
EndProject
Project("{2150E333-8FDC-42A3-9474-1A3956D46DE8}") = "DocumentStore", "DocumentStore", "{370C7873-9C96-29E9-741F-CF408FB0DB56}"
EndProject
Project("{FAE04EC0-301F-11D3-BF4B-00C04F79EFBC}") = "DevGPT.Store.DocumentStore", "Store\DocumentStore\DevGPT.Store.DocumentStore.csproj", "{0B27730A-42DE-4522-B403-2532960702E2}"
EndProject
Project("{2150E333-8FDC-42A3-9474-1A3956D46DE8}") = "EmbeddingStore", "EmbeddingStore", "{F93D7283-0133-247F-EA18-0AC921A44BA7}"
EndProject
Project("{FAE04EC0-301F-11D3-BF4B-00C04F79EFBC}") = "DevGPT.Store.EmbeddingStore", "Store\EmbeddingStore\DevGPT.Store.EmbeddingStore.csproj", "{553D205F-1F3F-4680-99B6-EE05BD129676}"
EndProject
Global
	GlobalSection(SolutionConfigurationPlatforms) = preSolution
		Debug|Any CPU = Debug|Any CPU
		Debug|x64 = Debug|x64
		Debug|x86 = Debug|x86
		Release|Any CPU = Release|Any CPU
		Release|x64 = Release|x64
		Release|x86 = Release|x86
	EndGlobalSection
	GlobalSection(ProjectConfigurationPlatforms) = postSolution
		{FC482167-A00E-4EAD-B6FE-ED4FA920147D}.Debug|Any CPU.ActiveCfg = Debug|Any CPU
		{FC482167-A00E-4EAD-B6FE-ED4FA920147D}.Debug|Any CPU.Build.0 = Debug|Any CPU
		{FC482167-A00E-4EAD-B6FE-ED4FA920147D}.Debug|x64.ActiveCfg = Debug|Any CPU
		{FC482167-A00E-4EAD-B6FE-ED4FA920147D}.Debug|x64.Build.0 = Debug|Any CPU
		{FC482167-A00E-4EAD-B6FE-ED4FA920147D}.Debug|x86.ActiveCfg = Debug|Any CPU
		{FC482167-A00E-4EAD-B6FE-ED4FA920147D}.Debug|x86.Build.0 = Debug|Any CPU
		{FC482167-A00E-4EAD-B6FE-ED4FA920147D}.Release|Any CPU.ActiveCfg = Release|Any CPU
		{FC482167-A00E-4EAD-B6FE-ED4FA920147D}.Release|Any CPU.Build.0 = Release|Any CPU
		{FC482167-A00E-4EAD-B6FE-ED4FA920147D}.Release|x64.ActiveCfg = Release|Any CPU
		{FC482167-A00E-4EAD-B6FE-ED4FA920147D}.Release|x64.Build.0 = Release|Any CPU
		{FC482167-A00E-4EAD-B6FE-ED4FA920147D}.Release|x86.ActiveCfg = Release|Any CPU
		{FC482167-A00E-4EAD-B6FE-ED4FA920147D}.Release|x86.Build.0 = Release|Any CPU
		{5C8ABF68-CD5C-4077-B44E-E0BF6A5B5391}.Debug|Any CPU.ActiveCfg = Debug|Any CPU
		{5C8ABF68-CD5C-4077-B44E-E0BF6A5B5391}.Debug|Any CPU.Build.0 = Debug|Any CPU
		{5C8ABF68-CD5C-4077-B44E-E0BF6A5B5391}.Debug|x64.ActiveCfg = Debug|Any CPU
		{5C8ABF68-CD5C-4077-B44E-E0BF6A5B5391}.Debug|x64.Build.0 = Debug|Any CPU
		{5C8ABF68-CD5C-4077-B44E-E0BF6A5B5391}.Debug|x86.ActiveCfg = Debug|Any CPU
		{5C8ABF68-CD5C-4077-B44E-E0BF6A5B5391}.Debug|x86.Build.0 = Debug|Any CPU
		{5C8ABF68-CD5C-4077-B44E-E0BF6A5B5391}.Release|Any CPU.ActiveCfg = Release|Any CPU
		{5C8ABF68-CD5C-4077-B44E-E0BF6A5B5391}.Release|Any CPU.Build.0 = Release|Any CPU
		{5C8ABF68-CD5C-4077-B44E-E0BF6A5B5391}.Release|x64.ActiveCfg = Release|Any CPU
		{5C8ABF68-CD5C-4077-B44E-E0BF6A5B5391}.Release|x64.Build.0 = Release|Any CPU
		{5C8ABF68-CD5C-4077-B44E-E0BF6A5B5391}.Release|x86.ActiveCfg = Release|Any CPU
		{5C8ABF68-CD5C-4077-B44E-E0BF6A5B5391}.Release|x86.Build.0 = Release|Any CPU
		{71A78250-20BF-40E2-A728-1F3B1CAD9D1A}.Debug|Any CPU.ActiveCfg = Debug|Any CPU
		{71A78250-20BF-40E2-A728-1F3B1CAD9D1A}.Debug|Any CPU.Build.0 = Debug|Any CPU
		{71A78250-20BF-40E2-A728-1F3B1CAD9D1A}.Debug|x64.ActiveCfg = Debug|Any CPU
		{71A78250-20BF-40E2-A728-1F3B1CAD9D1A}.Debug|x64.Build.0 = Debug|Any CPU
		{71A78250-20BF-40E2-A728-1F3B1CAD9D1A}.Debug|x86.ActiveCfg = Debug|Any CPU
		{71A78250-20BF-40E2-A728-1F3B1CAD9D1A}.Debug|x86.Build.0 = Debug|Any CPU
		{71A78250-20BF-40E2-A728-1F3B1CAD9D1A}.Release|Any CPU.ActiveCfg = Release|Any CPU
		{71A78250-20BF-40E2-A728-1F3B1CAD9D1A}.Release|Any CPU.Build.0 = Release|Any CPU
		{71A78250-20BF-40E2-A728-1F3B1CAD9D1A}.Release|x64.ActiveCfg = Release|Any CPU
		{71A78250-20BF-40E2-A728-1F3B1CAD9D1A}.Release|x64.Build.0 = Release|Any CPU
		{71A78250-20BF-40E2-A728-1F3B1CAD9D1A}.Release|x86.ActiveCfg = Release|Any CPU
		{71A78250-20BF-40E2-A728-1F3B1CAD9D1A}.Release|x86.Build.0 = Release|Any CPU
		{DF33ABFC-03C3-42C8-A01E-80E34B7F3557}.Debug|Any CPU.ActiveCfg = Debug|Any CPU
		{DF33ABFC-03C3-42C8-A01E-80E34B7F3557}.Debug|Any CPU.Build.0 = Debug|Any CPU
		{DF33ABFC-03C3-42C8-A01E-80E34B7F3557}.Debug|x64.ActiveCfg = Debug|Any CPU
		{DF33ABFC-03C3-42C8-A01E-80E34B7F3557}.Debug|x64.Build.0 = Debug|Any CPU
		{DF33ABFC-03C3-42C8-A01E-80E34B7F3557}.Debug|x86.ActiveCfg = Debug|Any CPU
		{DF33ABFC-03C3-42C8-A01E-80E34B7F3557}.Debug|x86.Build.0 = Debug|Any CPU
		{DF33ABFC-03C3-42C8-A01E-80E34B7F3557}.Release|Any CPU.ActiveCfg = Release|Any CPU
		{DF33ABFC-03C3-42C8-A01E-80E34B7F3557}.Release|Any CPU.Build.0 = Release|Any CPU
		{DF33ABFC-03C3-42C8-A01E-80E34B7F3557}.Release|x64.ActiveCfg = Release|Any CPU
		{DF33ABFC-03C3-42C8-A01E-80E34B7F3557}.Release|x64.Build.0 = Release|Any CPU
		{DF33ABFC-03C3-42C8-A01E-80E34B7F3557}.Release|x86.ActiveCfg = Release|Any CPU
		{DF33ABFC-03C3-42C8-A01E-80E34B7F3557}.Release|x86.Build.0 = Release|Any CPU
		{5DC9D0EE-E06C-48CE-B5A9-3DEF977CC063}.Debug|Any CPU.ActiveCfg = Debug|Any CPU
		{5DC9D0EE-E06C-48CE-B5A9-3DEF977CC063}.Debug|Any CPU.Build.0 = Debug|Any CPU
		{5DC9D0EE-E06C-48CE-B5A9-3DEF977CC063}.Debug|x64.ActiveCfg = Debug|Any CPU
		{5DC9D0EE-E06C-48CE-B5A9-3DEF977CC063}.Debug|x64.Build.0 = Debug|Any CPU
		{5DC9D0EE-E06C-48CE-B5A9-3DEF977CC063}.Debug|x86.ActiveCfg = Debug|Any CPU
		{5DC9D0EE-E06C-48CE-B5A9-3DEF977CC063}.Debug|x86.Build.0 = Debug|Any CPU
		{5DC9D0EE-E06C-48CE-B5A9-3DEF977CC063}.Release|Any CPU.ActiveCfg = Release|Any CPU
		{5DC9D0EE-E06C-48CE-B5A9-3DEF977CC063}.Release|Any CPU.Build.0 = Release|Any CPU
		{5DC9D0EE-E06C-48CE-B5A9-3DEF977CC063}.Release|x64.ActiveCfg = Release|Any CPU
		{5DC9D0EE-E06C-48CE-B5A9-3DEF977CC063}.Release|x64.Build.0 = Release|Any CPU
		{5DC9D0EE-E06C-48CE-B5A9-3DEF977CC063}.Release|x86.ActiveCfg = Release|Any CPU
		{5DC9D0EE-E06C-48CE-B5A9-3DEF977CC063}.Release|x86.Build.0 = Release|Any CPU
		{BCA74098-2417-41C6-B67E-D4A84CB86685}.Debug|Any CPU.ActiveCfg = Debug|Any CPU
		{BCA74098-2417-41C6-B67E-D4A84CB86685}.Debug|Any CPU.Build.0 = Debug|Any CPU
		{BCA74098-2417-41C6-B67E-D4A84CB86685}.Debug|x64.ActiveCfg = Debug|Any CPU
		{BCA74098-2417-41C6-B67E-D4A84CB86685}.Debug|x64.Build.0 = Debug|Any CPU
		{BCA74098-2417-41C6-B67E-D4A84CB86685}.Debug|x86.ActiveCfg = Debug|Any CPU
		{BCA74098-2417-41C6-B67E-D4A84CB86685}.Debug|x86.Build.0 = Debug|Any CPU
		{BCA74098-2417-41C6-B67E-D4A84CB86685}.Release|Any CPU.ActiveCfg = Release|Any CPU
		{BCA74098-2417-41C6-B67E-D4A84CB86685}.Release|Any CPU.Build.0 = Release|Any CPU
		{BCA74098-2417-41C6-B67E-D4A84CB86685}.Release|x64.ActiveCfg = Release|Any CPU
		{BCA74098-2417-41C6-B67E-D4A84CB86685}.Release|x64.Build.0 = Release|Any CPU
		{BCA74098-2417-41C6-B67E-D4A84CB86685}.Release|x86.ActiveCfg = Release|Any CPU
		{BCA74098-2417-41C6-B67E-D4A84CB86685}.Release|x86.Build.0 = Release|Any CPU
		{0B27730A-42DE-4522-B403-2532960702E2}.Debug|Any CPU.ActiveCfg = Debug|Any CPU
		{0B27730A-42DE-4522-B403-2532960702E2}.Debug|Any CPU.Build.0 = Debug|Any CPU
		{0B27730A-42DE-4522-B403-2532960702E2}.Debug|x64.ActiveCfg = Debug|Any CPU
		{0B27730A-42DE-4522-B403-2532960702E2}.Debug|x64.Build.0 = Debug|Any CPU
		{0B27730A-42DE-4522-B403-2532960702E2}.Debug|x86.ActiveCfg = Debug|Any CPU
		{0B27730A-42DE-4522-B403-2532960702E2}.Debug|x86.Build.0 = Debug|Any CPU
		{0B27730A-42DE-4522-B403-2532960702E2}.Release|Any CPU.ActiveCfg = Release|Any CPU
		{0B27730A-42DE-4522-B403-2532960702E2}.Release|Any CPU.Build.0 = Release|Any CPU
		{0B27730A-42DE-4522-B403-2532960702E2}.Release|x64.ActiveCfg = Release|Any CPU
		{0B27730A-42DE-4522-B403-2532960702E2}.Release|x64.Build.0 = Release|Any CPU
		{0B27730A-42DE-4522-B403-2532960702E2}.Release|x86.ActiveCfg = Release|Any CPU
		{0B27730A-42DE-4522-B403-2532960702E2}.Release|x86.Build.0 = Release|Any CPU
		{553D205F-1F3F-4680-99B6-EE05BD129676}.Debug|Any CPU.ActiveCfg = Debug|Any CPU
		{553D205F-1F3F-4680-99B6-EE05BD129676}.Debug|Any CPU.Build.0 = Debug|Any CPU
		{553D205F-1F3F-4680-99B6-EE05BD129676}.Debug|x64.ActiveCfg = Debug|Any CPU
		{553D205F-1F3F-4680-99B6-EE05BD129676}.Debug|x64.Build.0 = Debug|Any CPU
		{553D205F-1F3F-4680-99B6-EE05BD129676}.Debug|x86.ActiveCfg = Debug|Any CPU
		{553D205F-1F3F-4680-99B6-EE05BD129676}.Debug|x86.Build.0 = Debug|Any CPU
		{553D205F-1F3F-4680-99B6-EE05BD129676}.Release|Any CPU.ActiveCfg = Release|Any CPU
		{553D205F-1F3F-4680-99B6-EE05BD129676}.Release|Any CPU.Build.0 = Release|Any CPU
		{553D205F-1F3F-4680-99B6-EE05BD129676}.Release|x64.ActiveCfg = Release|Any CPU
		{553D205F-1F3F-4680-99B6-EE05BD129676}.Release|x64.Build.0 = Release|Any CPU
		{553D205F-1F3F-4680-99B6-EE05BD129676}.Release|x86.ActiveCfg = Release|Any CPU
		{553D205F-1F3F-4680-99B6-EE05BD129676}.Release|x86.Build.0 = Release|Any CPU
	EndGlobalSection
	GlobalSection(SolutionProperties) = preSolution
		HideSolutionNode = FALSE
	EndGlobalSection
	GlobalSection(NestedProjects) = preSolution
		{FC482167-A00E-4EAD-B6FE-ED4FA920147D} = {0863F58D-8CE4-2CD5-5F18-8EFFC3ECE8B3}
		{5C8ABF68-CD5C-4077-B44E-E0BF6A5B5391} = {0863F58D-8CE4-2CD5-5F18-8EFFC3ECE8B3}
		{71A78250-20BF-40E2-A728-1F3B1CAD9D1A} = {0863F58D-8CE4-2CD5-5F18-8EFFC3ECE8B3}
		{DF33ABFC-03C3-42C8-A01E-80E34B7F3557} = {0863F58D-8CE4-2CD5-5F18-8EFFC3ECE8B3}
		{5DC9D0EE-E06C-48CE-B5A9-3DEF977CC063} = {0863F58D-8CE4-2CD5-5F18-8EFFC3ECE8B3}
		{BCA74098-2417-41C6-B67E-D4A84CB86685} = {0863F58D-8CE4-2CD5-5F18-8EFFC3ECE8B3}
		{370C7873-9C96-29E9-741F-CF408FB0DB56} = {1A90F332-D69A-5E52-9B2B-53CAB93E69BB}
		{0B27730A-42DE-4522-B403-2532960702E2} = {370C7873-9C96-29E9-741F-CF408FB0DB56}
		{F93D7283-0133-247F-EA18-0AC921A44BA7} = {1A90F332-D69A-5E52-9B2B-53CAB93E69BB}
		{553D205F-1F3F-4680-99B6-EE05BD129676} = {F93D7283-0133-247F-EA18-0AC921A44BA7}
	EndGlobalSection
EndGlobal
