
Microsoft Visual Studio Solution File, Format Version 12.00
# Visual Studio Version 17
VisualStudioVersion = 17.0.31903.59
MinimumVisualStudioVersion = 10.0.40219.1
Project("{2150E333-8FDC-42A3-9474-1A3956D46DE8}") = "LLMs", "LLMs", "{165A751F-EFC0-41ED-DABE-41C1AA8C0163}"
EndProject
Project("{2150E333-8FDC-42A3-9474-1A3956D46DE8}") = "Classes", "Classes", "{8F46E38F-D677-1B7C-A919-D5F6D8241B13}"
EndProject
Project("{FAE04EC0-301F-11D3-BF4B-00C04F79EFBC}") = "DevGPT.LLMs.Classes", "LLMs\Classes\DevGPT.LLMs.Classes.csproj", "{1E7907EE-E242-46F8-BDDC-2DB66238D5CC}"
EndProject
Project("{2150E333-8FDC-42A3-9474-1A3956D46DE8}") = "Helpers", "Helpers", "{6C335431-940A-FE9E-4331-4B7B2797C90C}"
EndProject
Project("{FAE04EC0-301F-11D3-BF4B-00C04F79EFBC}") = "DevGPT.LLMs.Helpers", "LLMs\Helpers\DevGPT.LLMs.Helpers.csproj", "{0C0702C9-520F-4AE2-8688-CD273FDD09DB}"
EndProject
Project("{2150E333-8FDC-42A3-9474-1A3956D46DE8}") = "Client", "Client", "{C2837F13-B502-EF81-F5EA-CDE911307F4B}"
EndProject
Project("{FAE04EC0-301F-11D3-BF4B-00C04F79EFBC}") = "DevGPT.LLMs.Client", "LLMs\Client\DevGPT.LLMs.Client.csproj", "{F1C9543F-760E-47DC-B832-69BBCBE92863}"
EndProject
Project("{2150E333-8FDC-42A3-9474-1A3956D46DE8}") = "OpenAI", "OpenAI", "{1E3F7FE7-50B6-A69A-1941-4FEFD7E75390}"
EndProject
Project("{FAE04EC0-301F-11D3-BF4B-00C04F79EFBC}") = "DevGPT.LLMs.OpenAI", "LLMs\OpenAI\DevGPT.LLMs.OpenAI.csproj", "{B7985980-0470-43A6-B809-F4338F7116EF}"
EndProject
Project("{2150E333-8FDC-42A3-9474-1A3956D46DE8}") = "Anthropic", "Anthropic", "{68083511-68AA-E2D6-CA7E-B20B367E4576}"
EndProject
Project("{FAE04EC0-301F-11D3-BF4B-00C04F79EFBC}") = "DevGPT.LLMs.Anthropic", "LLMs\Anthropic\DevGPT.LLMs.Anthropic.csproj", "{4C3A37DB-61A1-43CB-B542-4B26FE5460D6}"
EndProject
Project("{2150E333-8FDC-42A3-9474-1A3956D46DE8}") = "HuggingFace", "HuggingFace", "{8470FBAF-8809-6580-1D2C-0AEA477CE662}"
EndProject
Project("{FAE04EC0-301F-11D3-BF4B-00C04F79EFBC}") = "DevGPT.LLMs.HuggingFace", "LLMs\HuggingFace\DevGPT.LLMs.HuggingFace.csproj", "{B477A955-836B-4241-B067-D2EFF094DE7C}"
EndProject
Project("{2150E333-8FDC-42A3-9474-1A3956D46DE8}") = "Gemini", "Gemini", "{AA3B4D71-3D2F-4B7E-9D6F-2B8B9F1D8E20}"
EndProject
Project("{FAE04EC0-301F-11D3-BF4B-00C04F79EFBC}") = "DevGPT.LLMs.Gemini", "LLMs\Gemini\DevGPT.LLMs.Gemini.csproj", "{C6A7E6F1-8E3E-4D28-9B8F-1D2E53C2E6C0}"
EndProject
Project("{2150E333-8FDC-42A3-9474-1A3956D46DE8}") = "Mistral", "Mistral", "{8D32B02D-0E63-4C18-8F81-1B25E1F972B7}"
EndProject
Project("{FAE04EC0-301F-11D3-BF4B-00C04F79EFBC}") = "DevGPT.LLMs.Mistral", "LLMs\Mistral\DevGPT.LLMs.Mistral.csproj", "{E953C858-4B64-4E2B-9F8C-13FD9F7C2E6A}"
EndProject
Global
	GlobalSection(SolutionConfigurationPlatforms) = preSolution
		Debug|Any CPU = Debug|Any CPU
		Debug|x64 = Debug|x64
		Debug|x86 = Debug|x86
		Release|Any CPU = Release|Any CPU
		Release|x64 = Release|x64
		Release|x86 = Release|x86
	EndGlobalSection
	GlobalSection(ProjectConfigurationPlatforms) = postSolution
		{1E7907EE-E242-46F8-BDDC-2DB66238D5CC}.Debug|Any CPU.ActiveCfg = Debug|Any CPU
		{1E7907EE-E242-46F8-BDDC-2DB66238D5CC}.Debug|Any CPU.Build.0 = Debug|Any CPU
		{1E7907EE-E242-46F8-BDDC-2DB66238D5CC}.Debug|x64.ActiveCfg = Debug|Any CPU
		{1E7907EE-E242-46F8-BDDC-2DB66238D5CC}.Debug|x64.Build.0 = Debug|Any CPU
		{1E7907EE-E242-46F8-BDDC-2DB66238D5CC}.Debug|x86.ActiveCfg = Debug|Any CPU
		{1E7907EE-E242-46F8-BDDC-2DB66238D5CC}.Debug|x86.Build.0 = Debug|Any CPU
		{1E7907EE-E242-46F8-BDDC-2DB66238D5CC}.Release|Any CPU.ActiveCfg = Release|Any CPU
		{1E7907EE-E242-46F8-BDDC-2DB66238D5CC}.Release|Any CPU.Build.0 = Release|Any CPU
		{1E7907EE-E242-46F8-BDDC-2DB66238D5CC}.Release|x64.ActiveCfg = Release|Any CPU
		{1E7907EE-E242-46F8-BDDC-2DB66238D5CC}.Release|x64.Build.0 = Release|Any CPU
		{1E7907EE-E242-46F8-BDDC-2DB66238D5CC}.Release|x86.ActiveCfg = Release|Any CPU
		{1E7907EE-E242-46F8-BDDC-2DB66238D5CC}.Release|x86.Build.0 = Release|Any CPU
		{0C0702C9-520F-4AE2-8688-CD273FDD09DB}.Debug|Any CPU.ActiveCfg = Debug|Any CPU
		{0C0702C9-520F-4AE2-8688-CD273FDD09DB}.Debug|Any CPU.Build.0 = Debug|Any CPU
		{0C0702C9-520F-4AE2-8688-CD273FDD09DB}.Debug|x64.ActiveCfg = Debug|Any CPU
		{0C0702C9-520F-4AE2-8688-CD273FDD09DB}.Debug|x64.Build.0 = Debug|Any CPU
		{0C0702C9-520F-4AE2-8688-CD273FDD09DB}.Debug|x86.ActiveCfg = Debug|Any CPU
		{0C0702C9-520F-4AE2-8688-CD273FDD09DB}.Debug|x86.Build.0 = Debug|Any CPU
		{0C0702C9-520F-4AE2-8688-CD273FDD09DB}.Release|Any CPU.ActiveCfg = Release|Any CPU
		{0C0702C9-520F-4AE2-8688-CD273FDD09DB}.Release|Any CPU.Build.0 = Release|Any CPU
		{0C0702C9-520F-4AE2-8688-CD273FDD09DB}.Release|x64.ActiveCfg = Release|Any CPU
		{0C0702C9-520F-4AE2-8688-CD273FDD09DB}.Release|x64.Build.0 = Release|Any CPU
		{0C0702C9-520F-4AE2-8688-CD273FDD09DB}.Release|x86.ActiveCfg = Release|Any CPU
		{0C0702C9-520F-4AE2-8688-CD273FDD09DB}.Release|x86.Build.0 = Release|Any CPU
		{F1C9543F-760E-47DC-B832-69BBCBE92863}.Debug|Any CPU.ActiveCfg = Debug|Any CPU
		{F1C9543F-760E-47DC-B832-69BBCBE92863}.Debug|Any CPU.Build.0 = Debug|Any CPU
		{F1C9543F-760E-47DC-B832-69BBCBE92863}.Debug|x64.ActiveCfg = Debug|Any CPU
		{F1C9543F-760E-47DC-B832-69BBCBE92863}.Debug|x64.Build.0 = Debug|Any CPU
		{F1C9543F-760E-47DC-B832-69BBCBE92863}.Debug|x86.ActiveCfg = Debug|Any CPU
		{F1C9543F-760E-47DC-B832-69BBCBE92863}.Debug|x86.Build.0 = Debug|Any CPU
		{F1C9543F-760E-47DC-B832-69BBCBE92863}.Release|Any CPU.ActiveCfg = Release|Any CPU
		{F1C9543F-760E-47DC-B832-69BBCBE92863}.Release|Any CPU.Build.0 = Release|Any CPU
		{F1C9543F-760E-47DC-B832-69BBCBE92863}.Release|x64.ActiveCfg = Release|Any CPU
		{F1C9543F-760E-47DC-B832-69BBCBE92863}.Release|x64.Build.0 = Release|Any CPU
		{F1C9543F-760E-47DC-B832-69BBCBE92863}.Release|x86.ActiveCfg = Release|Any CPU
		{F1C9543F-760E-47DC-B832-69BBCBE92863}.Release|x86.Build.0 = Release|Any CPU
		{B7985980-0470-43A6-B809-F4338F7116EF}.Debug|Any CPU.ActiveCfg = Debug|Any CPU
		{B7985980-0470-43A6-B809-F4338F7116EF}.Debug|Any CPU.Build.0 = Debug|Any CPU
		{B7985980-0470-43A6-B809-F4338F7116EF}.Debug|x64.ActiveCfg = Debug|Any CPU
		{B7985980-0470-43A6-B809-F4338F7116EF}.Debug|x64.Build.0 = Debug|Any CPU
		{B7985980-0470-43A6-B809-F4338F7116EF}.Debug|x86.ActiveCfg = Debug|Any CPU
		{B7985980-0470-43A6-B809-F4338F7116EF}.Debug|x86.Build.0 = Debug|Any CPU
		{B7985980-0470-43A6-B809-F4338F7116EF}.Release|Any CPU.ActiveCfg = Release|Any CPU
		{B7985980-0470-43A6-B809-F4338F7116EF}.Release|Any CPU.Build.0 = Release|Any CPU
		{B7985980-0470-43A6-B809-F4338F7116EF}.Release|x64.ActiveCfg = Release|Any CPU
		{B7985980-0470-43A6-B809-F4338F7116EF}.Release|x64.Build.0 = Release|Any CPU
		{B7985980-0470-43A6-B809-F4338F7116EF}.Release|x86.ActiveCfg = Release|Any CPU
		{B7985980-0470-43A6-B809-F4338F7116EF}.Release|x86.Build.0 = Release|Any CPU
		{4C3A37DB-61A1-43CB-B542-4B26FE5460D6}.Debug|Any CPU.ActiveCfg = Debug|Any CPU
		{4C3A37DB-61A1-43CB-B542-4B26FE5460D6}.Debug|Any CPU.Build.0 = Debug|Any CPU
		{4C3A37DB-61A1-43CB-B542-4B26FE5460D6}.Debug|x64.ActiveCfg = Debug|Any CPU
		{4C3A37DB-61A1-43CB-B542-4B26FE5460D6}.Debug|x64.Build.0 = Debug|Any CPU
		{4C3A37DB-61A1-43CB-B542-4B26FE5460D6}.Debug|x86.ActiveCfg = Debug|Any CPU
		{4C3A37DB-61A1-43CB-B542-4B26FE5460D6}.Debug|x86.Build.0 = Debug|Any CPU
		{4C3A37DB-61A1-43CB-B542-4B26FE5460D6}.Release|Any CPU.ActiveCfg = Release|Any CPU
		{4C3A37DB-61A1-43CB-B542-4B26FE5460D6}.Release|Any CPU.Build.0 = Release|Any CPU
		{4C3A37DB-61A1-43CB-B542-4B26FE5460D6}.Release|x64.ActiveCfg = Release|Any CPU
		{4C3A37DB-61A1-43CB-B542-4B26FE5460D6}.Release|x64.Build.0 = Release|Any CPU
		{4C3A37DB-61A1-43CB-B542-4B26FE5460D6}.Release|x86.ActiveCfg = Release|Any CPU
		{4C3A37DB-61A1-43CB-B542-4B26FE5460D6}.Release|x86.Build.0 = Release|Any CPU
		{B477A955-836B-4241-B067-D2EFF094DE7C}.Debug|Any CPU.ActiveCfg = Debug|Any CPU
		{B477A955-836B-4241-B067-D2EFF094DE7C}.Debug|Any CPU.Build.0 = Debug|Any CPU
		{B477A955-836B-4241-B067-D2EFF094DE7C}.Debug|x64.ActiveCfg = Debug|Any CPU
		{B477A955-836B-4241-B067-D2EFF094DE7C}.Debug|x64.Build.0 = Debug|Any CPU
		{B477A955-836B-4241-B067-D2EFF094DE7C}.Debug|x86.ActiveCfg = Debug|Any CPU
		{B477A955-836B-4241-B067-D2EFF094DE7C}.Debug|x86.Build.0 = Debug|Any CPU
		{B477A955-836B-4241-B067-D2EFF094DE7C}.Release|Any CPU.ActiveCfg = Release|Any CPU
		{B477A955-836B-4241-B067-D2EFF094DE7C}.Release|Any CPU.Build.0 = Release|Any CPU
		{B477A955-836B-4241-B067-D2EFF094DE7C}.Release|x64.ActiveCfg = Release|Any CPU
		{B477A955-836B-4241-B067-D2EFF094DE7C}.Release|x64.Build.0 = Release|Any CPU
		{B477A955-836B-4241-B067-D2EFF094DE7C}.Release|x86.ActiveCfg = Release|Any CPU
		{B477A955-836B-4241-B067-D2EFF094DE7C}.Release|x86.Build.0 = Release|Any CPU
		{C6A7E6F1-8E3E-4D28-9B8F-1D2E53C2E6C0}.Debug|Any CPU.ActiveCfg = Debug|Any CPU
		{C6A7E6F1-8E3E-4D28-9B8F-1D2E53C2E6C0}.Debug|Any CPU.Build.0 = Debug|Any CPU
		{C6A7E6F1-8E3E-4D28-9B8F-1D2E53C2E6C0}.Debug|x64.ActiveCfg = Debug|Any CPU
		{C6A7E6F1-8E3E-4D28-9B8F-1D2E53C2E6C0}.Debug|x64.Build.0 = Debug|Any CPU
		{C6A7E6F1-8E3E-4D28-9B8F-1D2E53C2E6C0}.Debug|x86.ActiveCfg = Debug|Any CPU
		{C6A7E6F1-8E3E-4D28-9B8F-1D2E53C2E6C0}.Debug|x86.Build.0 = Debug|Any CPU
		{C6A7E6F1-8E3E-4D28-9B8F-1D2E53C2E6C0}.Release|Any CPU.ActiveCfg = Release|Any CPU
		{C6A7E6F1-8E3E-4D28-9B8F-1D2E53C2E6C0}.Release|Any CPU.Build.0 = Release|Any CPU
		{C6A7E6F1-8E3E-4D28-9B8F-1D2E53C2E6C0}.Release|x64.ActiveCfg = Release|Any CPU
		{C6A7E6F1-8E3E-4D28-9B8F-1D2E53C2E6C0}.Release|x64.Build.0 = Release|Any CPU
		{C6A7E6F1-8E3E-4D28-9B8F-1D2E53C2E6C0}.Release|x86.ActiveCfg = Release|Any CPU
		{C6A7E6F1-8E3E-4D28-9B8F-1D2E53C2E6C0}.Release|x86.Build.0 = Release|Any CPU
	EndGlobalSection
	GlobalSection(SolutionProperties) = preSolution
		HideSolutionNode = FALSE
	EndGlobalSection
	GlobalSection(NestedProjects) = preSolution
		{8D32B02D-0E63-4C18-8F81-1B25E1F972B7} = {165A751F-EFC0-41ED-DABE-41C1AA8C0163}
		{E953C858-4B64-4E2B-9F8C-13FD9F7C2E6A} = {8D32B02D-0E63-4C18-8F81-1B25E1F972B7}
		{8F46E38F-D677-1B7C-A919-D5F6D8241B13} = {165A751F-EFC0-41ED-DABE-41C1AA8C0163}
		{1E7907EE-E242-46F8-BDDC-2DB66238D5CC} = {8F46E38F-D677-1B7C-A919-D5F6D8241B13}
		{6C335431-940A-FE9E-4331-4B7B2797C90C} = {165A751F-EFC0-41ED-DABE-41C1AA8C0163}
		{0C0702C9-520F-4AE2-8688-CD273FDD09DB} = {6C335431-940A-FE9E-4331-4B7B2797C90C}
		{C2837F13-B502-EF81-F5EA-CDE911307F4B} = {165A751F-EFC0-41ED-DABE-41C1AA8C0163}
		{F1C9543F-760E-47DC-B832-69BBCBE92863} = {C2837F13-B502-EF81-F5EA-CDE911307F4B}
		{1E3F7FE7-50B6-A69A-1941-4FEFD7E75390} = {165A751F-EFC0-41ED-DABE-41C1AA8C0163}
		{B7985980-0470-43A6-B809-F4338F7116EF} = {1E3F7FE7-50B6-A69A-1941-4FEFD7E75390}
		{68083511-68AA-E2D6-CA7E-B20B367E4576} = {165A751F-EFC0-41ED-DABE-41C1AA8C0163}
		{4C3A37DB-61A1-43CB-B542-4B26FE5460D6} = {68083511-68AA-E2D6-CA7E-B20B367E4576}
		{8470FBAF-8809-6580-1D2C-0AEA477CE662} = {165A751F-EFC0-41ED-DABE-41C1AA8C0163}
		{B477A955-836B-4241-B067-D2EFF094DE7C} = {8470FBAF-8809-6580-1D2C-0AEA477CE662}
		{AA3B4D71-3D2F-4B7E-9D6F-2B8B9F1D8E20} = {165A751F-EFC0-41ED-DABE-41C1AA8C0163}
		{C6A7E6F1-8E3E-4D28-9B8F-1D2E53C2E6C0} = {AA3B4D71-3D2F-4B7E-9D6F-2B8B9F1D8E20}
	EndGlobalSection
EndGlobal




