
Microsoft Visual Studio Solution File, Format Version 12.00
# Visual Studio Version 17
VisualStudioVersion = 17.0.31903.59
MinimumVisualStudioVersion = 10.0.40219.1
Project("{2150E333-8FDC-42A3-9474-1A3956D46DE8}") = "1-Foundation", "1-Foundation", "{F0A1B2C3-D4E5-F6A7-B8C9-D0E1F2A3B4C5}"
EndProject
Project("{2150E333-8FDC-42A3-9474-1A3956D46DE8}") = "2-Core", "2-Core", "{A1B2C3D4-E5F6-A7B8-C9D0-E1F2A3B4C5D6}"
EndProject
Project("{2150E333-8FDC-42A3-9474-1A3956D46DE8}") = "3-Providers", "3-Providers", "{B2C3D4E5-F6A7-B8C9-D0E1-F2A3B4C5D6E7}"
EndProject
Project("{2150E333-8FDC-42A3-9474-1A3956D46DE8}") = "4-Tools", "4-Tools", "{C3D4E5F6-A7B8-C9D0-E1F2-A3B4C5D6E7F8}"
EndProject
Project("{2150E333-8FDC-42A3-9474-1A3956D46DE8}") = "5-Storage", "5-Storage", "{D4E5F6A7-B8C9-D0E1-F2A3-B4C5D6E7F8A9}"
EndProject
Project("{2150E333-8FDC-42A3-9474-1A3956D46DE8}") = "6-Orchestration", "6-Orchestration", "{E5F6A7B8-C9D0-E1F2-A3B4-C5D6E7F8A9B0}"
EndProject
Project("{2150E333-8FDC-42A3-9474-1A3956D46DE8}") = "7-Agents", "7-Agents", "{F6A7B8C9-D0E1-F2A3-B4C5-D6E7F8A9B0C1}"
EndProject
Project("{2150E333-8FDC-42A3-9474-1A3956D46DE8}") = "8-UI", "8-UI", "{A7B8C9D0-E1F2-A3B4-C5D6-E7F8A9B0C1D2}"
EndProject
Project("{FAE04EC0-301F-11D3-BF4B-00C04F79EFBC}") = "DevGPT.LLMs.Classes", "LLMs\Classes\DevGPT.LLMs.Classes.csproj", "{1E7907EE-E242-46F8-BDDC-2DB66238D5CC}"
EndProject
Project("{FAE04EC0-301F-11D3-BF4B-00C04F79EFBC}") = "DevGPT.LLMs.Helpers", "LLMs\Helpers\DevGPT.LLMs.Helpers.csproj", "{0C0702C9-520F-4AE2-8688-CD273FDD09DB}"
EndProject
Project("{FAE04EC0-301F-11D3-BF4B-00C04F79EFBC}") = "DevGPT.LLMs.Client", "LLMs\Client\DevGPT.LLMs.Client.csproj", "{F1C9543F-760E-47DC-B832-69BBCBE92863}"
EndProject
Project("{FAE04EC0-301F-11D3-BF4B-00C04F79EFBC}") = "DevGPT.LLMs.OpenAI", "LLMs\OpenAI\DevGPT.LLMs.OpenAI.csproj", "{B7985980-0470-43A6-B809-F4338F7116EF}"
EndProject
Project("{FAE04EC0-301F-11D3-BF4B-00C04F79EFBC}") = "DevGPT.LLMs.Anthropic", "LLMs\Anthropic\DevGPT.LLMs.Anthropic.csproj", "{4C3A37DB-61A1-43CB-B542-4B26FE5460D6}"
EndProject
Project("{FAE04EC0-301F-11D3-BF4B-00C04F79EFBC}") = "DevGPT.LLMs.HuggingFace", "LLMs\HuggingFace\DevGPT.LLMs.HuggingFace.csproj", "{B477A955-836B-4241-B067-D2EFF094DE7C}"
EndProject
Project("{FAE04EC0-301F-11D3-BF4B-00C04F79EFBC}") = "DevGPT.LLMs.Gemini", "LLMs\Gemini\DevGPT.LLMs.Gemini.csproj", "{C6A7E6F1-8E3E-4D28-9B8F-1D2E53C2E6C0}"
EndProject
Project("{FAE04EC0-301F-11D3-BF4B-00C04F79EFBC}") = "DevGPT.LLMs.Mistral", "LLMs\Mistral\DevGPT.LLMs.Mistral.csproj", "{E953C858-4B64-4E2B-9F8C-13FD9F7C2E6A}"
EndProject
Project("{FAE04EC0-301F-11D3-BF4B-00C04F79EFBC}") = "DevGPT.LLMs.SemanticKernel", "LLMs\SemanticKernel\DevGPT.LLMs.SemanticKernel.csproj", "{A1234567-89AB-CDEF-0123-456789ABCDEF}"
EndProject
Project("{FAE04EC0-301F-11D3-BF4B-00C04F79EFBC}") = "DevGPT.LLMClientTools", "LLMs\ClientTools\DevGPT.LLMClientTools.csproj", "{B1234567-89AB-CDEF-0123-456789ABCDEF}"
EndProject
Project("{FAE04EC0-301F-11D3-BF4B-00C04F79EFBC}") = "DevGPT.Store.EmbeddingStore", "Store\EmbeddingStore\DevGPT.Store.EmbeddingStore.csproj", "{C1234567-89AB-CDEF-0123-456789ABCDEF}"
EndProject
Project("{FAE04EC0-301F-11D3-BF4B-00C04F79EFBC}") = "DevGPT.Store.DocumentStore", "Store\DocumentStore\DevGPT.Store.DocumentStore.csproj", "{D1234567-89AB-CDEF-0123-456789ABCDEF}"
EndProject
Project("{FAE04EC0-301F-11D3-BF4B-00C04F79EFBC}") = "DevGPT.Generator", "DevGPT.Generator\DevGPT.Generator.csproj", "{E1234567-89AB-CDEF-0123-456789ABCDEF}"
EndProject
Project("{FAE04EC0-301F-11D3-BF4B-00C04F79EFBC}") = "DevGPT.DynamicAPI", "DevGPT.DynamicAPI\DevGPT.DynamicAPI.csproj", "{F1234567-89AB-CDEF-0123-456789ABCDEF}"
EndProject
Project("{FAE04EC0-301F-11D3-BF4B-00C04F79EFBC}") = "DevGPT.AgentFactory", "DevGPT.AgentFactory\DevGPT.AgentFactory.csproj", "{01234567-89AB-CDEF-0123-456789ABCDEF}"
EndProject
Project("{FAE04EC0-301F-11D3-BF4B-00C04F79EFBC}") = "DevGPT.ChatShared", "ChatShared\DevGPT.ChatShared.csproj", "{11234567-89AB-CDEF-0123-456789ABCDEF}"
EndProject
Global
	GlobalSection(SolutionConfigurationPlatforms) = preSolution
		Debug|Any CPU = Debug|Any CPU
		Debug|x64 = Debug|x64
		Debug|x86 = Debug|x86
		Release|Any CPU = Release|Any CPU
		Release|x64 = Release|x64
		Release|x86 = Release|x86
	EndGlobalSection
	GlobalSection(ProjectConfigurationPlatforms) = postSolution
		{1E7907EE-E242-46F8-BDDC-2DB66238D5CC}.Debug|Any CPU.ActiveCfg = Debug|Any CPU
		{1E7907EE-E242-46F8-BDDC-2DB66238D5CC}.Debug|Any CPU.Build.0 = Debug|Any CPU
		{1E7907EE-E242-46F8-BDDC-2DB66238D5CC}.Debug|x64.ActiveCfg = Debug|Any CPU
		{1E7907EE-E242-46F8-BDDC-2DB66238D5CC}.Debug|x64.Build.0 = Debug|Any CPU
		{1E7907EE-E242-46F8-BDDC-2DB66238D5CC}.Debug|x86.ActiveCfg = Debug|Any CPU
		{1E7907EE-E242-46F8-BDDC-2DB66238D5CC}.Debug|x86.Build.0 = Debug|Any CPU
		{1E7907EE-E242-46F8-BDDC-2DB66238D5CC}.Release|Any CPU.ActiveCfg = Release|Any CPU
		{1E7907EE-E242-46F8-BDDC-2DB66238D5CC}.Release|Any CPU.Build.0 = Release|Any CPU
		{1E7907EE-E242-46F8-BDDC-2DB66238D5CC}.Release|x64.ActiveCfg = Release|Any CPU
		{1E7907EE-E242-46F8-BDDC-2DB66238D5CC}.Release|x64.Build.0 = Release|Any CPU
		{1E7907EE-E242-46F8-BDDC-2DB66238D5CC}.Release|x86.ActiveCfg = Release|Any CPU
		{1E7907EE-E242-46F8-BDDC-2DB66238D5CC}.Release|x86.Build.0 = Release|Any CPU
		{0C0702C9-520F-4AE2-8688-CD273FDD09DB}.Debug|Any CPU.ActiveCfg = Debug|Any CPU
		{0C0702C9-520F-4AE2-8688-CD273FDD09DB}.Debug|Any CPU.Build.0 = Debug|Any CPU
		{0C0702C9-520F-4AE2-8688-CD273FDD09DB}.Debug|x64.ActiveCfg = Debug|Any CPU
		{0C0702C9-520F-4AE2-8688-CD273FDD09DB}.Debug|x64.Build.0 = Debug|Any CPU
		{0C0702C9-520F-4AE2-8688-CD273FDD09DB}.Debug|x86.ActiveCfg = Debug|Any CPU
		{0C0702C9-520F-4AE2-8688-CD273FDD09DB}.Debug|x86.Build.0 = Debug|Any CPU
		{0C0702C9-520F-4AE2-8688-CD273FDD09DB}.Release|Any CPU.ActiveCfg = Release|Any CPU
		{0C0702C9-520F-4AE2-8688-CD273FDD09DB}.Release|Any CPU.Build.0 = Release|Any CPU
		{0C0702C9-520F-4AE2-8688-CD273FDD09DB}.Release|x64.ActiveCfg = Release|Any CPU
		{0C0702C9-520F-4AE2-8688-CD273FDD09DB}.Release|x64.Build.0 = Release|Any CPU
		{0C0702C9-520F-4AE2-8688-CD273FDD09DB}.Release|x86.ActiveCfg = Release|Any CPU
		{0C0702C9-520F-4AE2-8688-CD273FDD09DB}.Release|x86.Build.0 = Release|Any CPU
		{F1C9543F-760E-47DC-B832-69BBCBE92863}.Debug|Any CPU.ActiveCfg = Debug|Any CPU
		{F1C9543F-760E-47DC-B832-69BBCBE92863}.Debug|Any CPU.Build.0 = Debug|Any CPU
		{F1C9543F-760E-47DC-B832-69BBCBE92863}.Debug|x64.ActiveCfg = Debug|Any CPU
		{F1C9543F-760E-47DC-B832-69BBCBE92863}.Debug|x64.Build.0 = Debug|Any CPU
		{F1C9543F-760E-47DC-B832-69BBCBE92863}.Debug|x86.ActiveCfg = Debug|Any CPU
		{F1C9543F-760E-47DC-B832-69BBCBE92863}.Debug|x86.Build.0 = Debug|Any CPU
		{F1C9543F-760E-47DC-B832-69BBCBE92863}.Release|Any CPU.ActiveCfg = Release|Any CPU
		{F1C9543F-760E-47DC-B832-69BBCBE92863}.Release|Any CPU.Build.0 = Release|Any CPU
		{F1C9543F-760E-47DC-B832-69BBCBE92863}.Release|x64.ActiveCfg = Release|Any CPU
		{F1C9543F-760E-47DC-B832-69BBCBE92863}.Release|x64.Build.0 = Release|Any CPU
		{F1C9543F-760E-47DC-B832-69BBCBE92863}.Release|x86.ActiveCfg = Release|Any CPU
		{F1C9543F-760E-47DC-B832-69BBCBE92863}.Release|x86.Build.0 = Release|Any CPU
		{B7985980-0470-43A6-B809-F4338F7116EF}.Debug|Any CPU.ActiveCfg = Debug|Any CPU
		{B7985980-0470-43A6-B809-F4338F7116EF}.Debug|Any CPU.Build.0 = Debug|Any CPU
		{B7985980-0470-43A6-B809-F4338F7116EF}.Debug|x64.ActiveCfg = Debug|Any CPU
		{B7985980-0470-43A6-B809-F4338F7116EF}.Debug|x64.Build.0 = Debug|Any CPU
		{B7985980-0470-43A6-B809-F4338F7116EF}.Debug|x86.ActiveCfg = Debug|Any CPU
		{B7985980-0470-43A6-B809-F4338F7116EF}.Debug|x86.Build.0 = Debug|Any CPU
		{B7985980-0470-43A6-B809-F4338F7116EF}.Release|Any CPU.ActiveCfg = Release|Any CPU
		{B7985980-0470-43A6-B809-F4338F7116EF}.Release|Any CPU.Build.0 = Release|Any CPU
		{B7985980-0470-43A6-B809-F4338F7116EF}.Release|x64.ActiveCfg = Release|Any CPU
		{B7985980-0470-43A6-B809-F4338F7116EF}.Release|x64.Build.0 = Release|Any CPU
		{B7985980-0470-43A6-B809-F4338F7116EF}.Release|x86.ActiveCfg = Release|Any CPU
		{B7985980-0470-43A6-B809-F4338F7116EF}.Release|x86.Build.0 = Release|Any CPU
		{4C3A37DB-61A1-43CB-B542-4B26FE5460D6}.Debug|Any CPU.ActiveCfg = Debug|Any CPU
		{4C3A37DB-61A1-43CB-B542-4B26FE5460D6}.Debug|Any CPU.Build.0 = Debug|Any CPU
		{4C3A37DB-61A1-43CB-B542-4B26FE5460D6}.Debug|x64.ActiveCfg = Debug|Any CPU
		{4C3A37DB-61A1-43CB-B542-4B26FE5460D6}.Debug|x64.Build.0 = Debug|Any CPU
		{4C3A37DB-61A1-43CB-B542-4B26FE5460D6}.Debug|x86.ActiveCfg = Debug|Any CPU
		{4C3A37DB-61A1-43CB-B542-4B26FE5460D6}.Debug|x86.Build.0 = Debug|Any CPU
		{4C3A37DB-61A1-43CB-B542-4B26FE5460D6}.Release|Any CPU.ActiveCfg = Release|Any CPU
		{4C3A37DB-61A1-43CB-B542-4B26FE5460D6}.Release|Any CPU.Build.0 = Release|Any CPU
		{4C3A37DB-61A1-43CB-B542-4B26FE5460D6}.Release|x64.ActiveCfg = Release|Any CPU
		{4C3A37DB-61A1-43CB-B542-4B26FE5460D6}.Release|x64.Build.0 = Release|Any CPU
		{4C3A37DB-61A1-43CB-B542-4B26FE5460D6}.Release|x86.ActiveCfg = Release|Any CPU
		{4C3A37DB-61A1-43CB-B542-4B26FE5460D6}.Release|x86.Build.0 = Release|Any CPU
		{B477A955-836B-4241-B067-D2EFF094DE7C}.Debug|Any CPU.ActiveCfg = Debug|Any CPU
		{B477A955-836B-4241-B067-D2EFF094DE7C}.Debug|Any CPU.Build.0 = Debug|Any CPU
		{B477A955-836B-4241-B067-D2EFF094DE7C}.Debug|x64.ActiveCfg = Debug|Any CPU
		{B477A955-836B-4241-B067-D2EFF094DE7C}.Debug|x64.Build.0 = Debug|Any CPU
		{B477A955-836B-4241-B067-D2EFF094DE7C}.Debug|x86.ActiveCfg = Debug|Any CPU
		{B477A955-836B-4241-B067-D2EFF094DE7C}.Debug|x86.Build.0 = Debug|Any CPU
		{B477A955-836B-4241-B067-D2EFF094DE7C}.Release|Any CPU.ActiveCfg = Release|Any CPU
		{B477A955-836B-4241-B067-D2EFF094DE7C}.Release|Any CPU.Build.0 = Release|Any CPU
		{B477A955-836B-4241-B067-D2EFF094DE7C}.Release|x64.ActiveCfg = Release|Any CPU
		{B477A955-836B-4241-B067-D2EFF094DE7C}.Release|x64.Build.0 = Release|Any CPU
		{B477A955-836B-4241-B067-D2EFF094DE7C}.Release|x86.ActiveCfg = Release|Any CPU
		{B477A955-836B-4241-B067-D2EFF094DE7C}.Release|x86.Build.0 = Release|Any CPU
		{C6A7E6F1-8E3E-4D28-9B8F-1D2E53C2E6C0}.Debug|Any CPU.ActiveCfg = Debug|Any CPU
		{C6A7E6F1-8E3E-4D28-9B8F-1D2E53C2E6C0}.Debug|Any CPU.Build.0 = Debug|Any CPU
		{C6A7E6F1-8E3E-4D28-9B8F-1D2E53C2E6C0}.Debug|x64.ActiveCfg = Debug|Any CPU
		{C6A7E6F1-8E3E-4D28-9B8F-1D2E53C2E6C0}.Debug|x64.Build.0 = Debug|Any CPU
		{C6A7E6F1-8E3E-4D28-9B8F-1D2E53C2E6C0}.Debug|x86.ActiveCfg = Debug|Any CPU
		{C6A7E6F1-8E3E-4D28-9B8F-1D2E53C2E6C0}.Debug|x86.Build.0 = Debug|Any CPU
		{C6A7E6F1-8E3E-4D28-9B8F-1D2E53C2E6C0}.Release|Any CPU.ActiveCfg = Release|Any CPU
		{C6A7E6F1-8E3E-4D28-9B8F-1D2E53C2E6C0}.Release|Any CPU.Build.0 = Release|Any CPU
		{C6A7E6F1-8E3E-4D28-9B8F-1D2E53C2E6C0}.Release|x64.ActiveCfg = Release|Any CPU
		{C6A7E6F1-8E3E-4D28-9B8F-1D2E53C2E6C0}.Release|x64.Build.0 = Release|Any CPU
		{C6A7E6F1-8E3E-4D28-9B8F-1D2E53C2E6C0}.Release|x86.ActiveCfg = Release|Any CPU
		{C6A7E6F1-8E3E-4D28-9B8F-1D2E53C2E6C0}.Release|x86.Build.0 = Release|Any CPU
		{E953C858-4B64-4E2B-9F8C-13FD9F7C2E6A}.Debug|Any CPU.ActiveCfg = Debug|Any CPU
		{E953C858-4B64-4E2B-9F8C-13FD9F7C2E6A}.Debug|Any CPU.Build.0 = Debug|Any CPU
		{E953C858-4B64-4E2B-9F8C-13FD9F7C2E6A}.Debug|x64.ActiveCfg = Debug|Any CPU
		{E953C858-4B64-4E2B-9F8C-13FD9F7C2E6A}.Debug|x64.Build.0 = Debug|Any CPU
		{E953C858-4B64-4E2B-9F8C-13FD9F7C2E6A}.Debug|x86.ActiveCfg = Debug|Any CPU
		{E953C858-4B64-4E2B-9F8C-13FD9F7C2E6A}.Debug|x86.Build.0 = Debug|Any CPU
		{E953C858-4B64-4E2B-9F8C-13FD9F7C2E6A}.Release|Any CPU.ActiveCfg = Release|Any CPU
		{E953C858-4B64-4E2B-9F8C-13FD9F7C2E6A}.Release|Any CPU.Build.0 = Release|Any CPU
		{E953C858-4B64-4E2B-9F8C-13FD9F7C2E6A}.Release|x64.ActiveCfg = Release|Any CPU
		{E953C858-4B64-4E2B-9F8C-13FD9F7C2E6A}.Release|x64.Build.0 = Release|Any CPU
		{E953C858-4B64-4E2B-9F8C-13FD9F7C2E6A}.Release|x86.ActiveCfg = Release|Any CPU
		{E953C858-4B64-4E2B-9F8C-13FD9F7C2E6A}.Release|x86.Build.0 = Release|Any CPU
		{A1234567-89AB-CDEF-0123-456789ABCDEF}.Debug|Any CPU.ActiveCfg = Debug|Any CPU
		{A1234567-89AB-CDEF-0123-456789ABCDEF}.Debug|Any CPU.Build.0 = Debug|Any CPU
		{A1234567-89AB-CDEF-0123-456789ABCDEF}.Debug|x64.ActiveCfg = Debug|Any CPU
		{A1234567-89AB-CDEF-0123-456789ABCDEF}.Debug|x64.Build.0 = Debug|Any CPU
		{A1234567-89AB-CDEF-0123-456789ABCDEF}.Debug|x86.ActiveCfg = Debug|Any CPU
		{A1234567-89AB-CDEF-0123-456789ABCDEF}.Debug|x86.Build.0 = Debug|Any CPU
		{A1234567-89AB-CDEF-0123-456789ABCDEF}.Release|Any CPU.ActiveCfg = Release|Any CPU
		{A1234567-89AB-CDEF-0123-456789ABCDEF}.Release|Any CPU.Build.0 = Release|Any CPU
		{A1234567-89AB-CDEF-0123-456789ABCDEF}.Release|x64.ActiveCfg = Release|Any CPU
		{A1234567-89AB-CDEF-0123-456789ABCDEF}.Release|x64.Build.0 = Release|Any CPU
		{A1234567-89AB-CDEF-0123-456789ABCDEF}.Release|x86.ActiveCfg = Release|Any CPU
		{A1234567-89AB-CDEF-0123-456789ABCDEF}.Release|x86.Build.0 = Release|Any CPU
		{B1234567-89AB-CDEF-0123-456789ABCDEF}.Debug|Any CPU.ActiveCfg = Debug|Any CPU
		{B1234567-89AB-CDEF-0123-456789ABCDEF}.Debug|Any CPU.Build.0 = Debug|Any CPU
		{B1234567-89AB-CDEF-0123-456789ABCDEF}.Debug|x64.ActiveCfg = Debug|Any CPU
		{B1234567-89AB-CDEF-0123-456789ABCDEF}.Debug|x64.Build.0 = Debug|Any CPU
		{B1234567-89AB-CDEF-0123-456789ABCDEF}.Debug|x86.ActiveCfg = Debug|Any CPU
		{B1234567-89AB-CDEF-0123-456789ABCDEF}.Debug|x86.Build.0 = Debug|Any CPU
		{B1234567-89AB-CDEF-0123-456789ABCDEF}.Release|Any CPU.ActiveCfg = Release|Any CPU
		{B1234567-89AB-CDEF-0123-456789ABCDEF}.Release|Any CPU.Build.0 = Release|Any CPU
		{B1234567-89AB-CDEF-0123-456789ABCDEF}.Release|x64.ActiveCfg = Release|Any CPU
		{B1234567-89AB-CDEF-0123-456789ABCDEF}.Release|x64.Build.0 = Release|Any CPU
		{B1234567-89AB-CDEF-0123-456789ABCDEF}.Release|x86.ActiveCfg = Release|Any CPU
		{B1234567-89AB-CDEF-0123-456789ABCDEF}.Release|x86.Build.0 = Release|Any CPU
		{C1234567-89AB-CDEF-0123-456789ABCDEF}.Debug|Any CPU.ActiveCfg = Debug|Any CPU
		{C1234567-89AB-CDEF-0123-456789ABCDEF}.Debug|Any CPU.Build.0 = Debug|Any CPU
		{C1234567-89AB-CDEF-0123-456789ABCDEF}.Debug|x64.ActiveCfg = Debug|Any CPU
		{C1234567-89AB-CDEF-0123-456789ABCDEF}.Debug|x64.Build.0 = Debug|Any CPU
		{C1234567-89AB-CDEF-0123-456789ABCDEF}.Debug|x86.ActiveCfg = Debug|Any CPU
		{C1234567-89AB-CDEF-0123-456789ABCDEF}.Debug|x86.Build.0 = Debug|Any CPU
		{C1234567-89AB-CDEF-0123-456789ABCDEF}.Release|Any CPU.ActiveCfg = Release|Any CPU
		{C1234567-89AB-CDEF-0123-456789ABCDEF}.Release|Any CPU.Build.0 = Release|Any CPU
		{C1234567-89AB-CDEF-0123-456789ABCDEF}.Release|x64.ActiveCfg = Release|Any CPU
		{C1234567-89AB-CDEF-0123-456789ABCDEF}.Release|x64.Build.0 = Release|Any CPU
		{C1234567-89AB-CDEF-0123-456789ABCDEF}.Release|x86.ActiveCfg = Release|Any CPU
		{C1234567-89AB-CDEF-0123-456789ABCDEF}.Release|x86.Build.0 = Release|Any CPU
		{D1234567-89AB-CDEF-0123-456789ABCDEF}.Debug|Any CPU.ActiveCfg = Debug|Any CPU
		{D1234567-89AB-CDEF-0123-456789ABCDEF}.Debug|Any CPU.Build.0 = Debug|Any CPU
		{D1234567-89AB-CDEF-0123-456789ABCDEF}.Debug|x64.ActiveCfg = Debug|Any CPU
		{D1234567-89AB-CDEF-0123-456789ABCDEF}.Debug|x64.Build.0 = Debug|Any CPU
		{D1234567-89AB-CDEF-0123-456789ABCDEF}.Debug|x86.ActiveCfg = Debug|Any CPU
		{D1234567-89AB-CDEF-0123-456789ABCDEF}.Debug|x86.Build.0 = Debug|Any CPU
		{D1234567-89AB-CDEF-0123-456789ABCDEF}.Release|Any CPU.ActiveCfg = Release|Any CPU
		{D1234567-89AB-CDEF-0123-456789ABCDEF}.Release|Any CPU.Build.0 = Release|Any CPU
		{D1234567-89AB-CDEF-0123-456789ABCDEF}.Release|x64.ActiveCfg = Release|Any CPU
		{D1234567-89AB-CDEF-0123-456789ABCDEF}.Release|x64.Build.0 = Release|Any CPU
		{D1234567-89AB-CDEF-0123-456789ABCDEF}.Release|x86.ActiveCfg = Release|Any CPU
		{D1234567-89AB-CDEF-0123-456789ABCDEF}.Release|x86.Build.0 = Release|Any CPU
		{E1234567-89AB-CDEF-0123-456789ABCDEF}.Debug|Any CPU.ActiveCfg = Debug|Any CPU
		{E1234567-89AB-CDEF-0123-456789ABCDEF}.Debug|Any CPU.Build.0 = Debug|Any CPU
		{E1234567-89AB-CDEF-0123-456789ABCDEF}.Debug|x64.ActiveCfg = Debug|Any CPU
		{E1234567-89AB-CDEF-0123-456789ABCDEF}.Debug|x64.Build.0 = Debug|Any CPU
		{E1234567-89AB-CDEF-0123-456789ABCDEF}.Debug|x86.ActiveCfg = Debug|Any CPU
		{E1234567-89AB-CDEF-0123-456789ABCDEF}.Debug|x86.Build.0 = Debug|Any CPU
		{E1234567-89AB-CDEF-0123-456789ABCDEF}.Release|Any CPU.ActiveCfg = Release|Any CPU
		{E1234567-89AB-CDEF-0123-456789ABCDEF}.Release|Any CPU.Build.0 = Release|Any CPU
		{E1234567-89AB-CDEF-0123-456789ABCDEF}.Release|x64.ActiveCfg = Release|Any CPU
		{E1234567-89AB-CDEF-0123-456789ABCDEF}.Release|x64.Build.0 = Release|Any CPU
		{E1234567-89AB-CDEF-0123-456789ABCDEF}.Release|x86.ActiveCfg = Release|Any CPU
		{E1234567-89AB-CDEF-0123-456789ABCDEF}.Release|x86.Build.0 = Release|Any CPU
		{F1234567-89AB-CDEF-0123-456789ABCDEF}.Debug|Any CPU.ActiveCfg = Debug|Any CPU
		{F1234567-89AB-CDEF-0123-456789ABCDEF}.Debug|Any CPU.Build.0 = Debug|Any CPU
		{F1234567-89AB-CDEF-0123-456789ABCDEF}.Debug|x64.ActiveCfg = Debug|Any CPU
		{F1234567-89AB-CDEF-0123-456789ABCDEF}.Debug|x64.Build.0 = Debug|Any CPU
		{F1234567-89AB-CDEF-0123-456789ABCDEF}.Debug|x86.ActiveCfg = Debug|Any CPU
		{F1234567-89AB-CDEF-0123-456789ABCDEF}.Debug|x86.Build.0 = Debug|Any CPU
		{F1234567-89AB-CDEF-0123-456789ABCDEF}.Release|Any CPU.ActiveCfg = Release|Any CPU
		{F1234567-89AB-CDEF-0123-456789ABCDEF}.Release|Any CPU.Build.0 = Release|Any CPU
		{F1234567-89AB-CDEF-0123-456789ABCDEF}.Release|x64.ActiveCfg = Release|Any CPU
		{F1234567-89AB-CDEF-0123-456789ABCDEF}.Release|x64.Build.0 = Release|Any CPU
		{F1234567-89AB-CDEF-0123-456789ABCDEF}.Release|x86.ActiveCfg = Release|Any CPU
		{F1234567-89AB-CDEF-0123-456789ABCDEF}.Release|x86.Build.0 = Release|Any CPU
		{01234567-89AB-CDEF-0123-456789ABCDEF}.Debug|Any CPU.ActiveCfg = Debug|Any CPU
		{01234567-89AB-CDEF-0123-456789ABCDEF}.Debug|Any CPU.Build.0 = Debug|Any CPU
		{01234567-89AB-CDEF-0123-456789ABCDEF}.Debug|x64.ActiveCfg = Debug|Any CPU
		{01234567-89AB-CDEF-0123-456789ABCDEF}.Debug|x64.Build.0 = Debug|Any CPU
		{01234567-89AB-CDEF-0123-456789ABCDEF}.Debug|x86.ActiveCfg = Debug|Any CPU
		{01234567-89AB-CDEF-0123-456789ABCDEF}.Debug|x86.Build.0 = Debug|Any CPU
		{01234567-89AB-CDEF-0123-456789ABCDEF}.Release|Any CPU.ActiveCfg = Release|Any CPU
		{01234567-89AB-CDEF-0123-456789ABCDEF}.Release|Any CPU.Build.0 = Release|Any CPU
		{01234567-89AB-CDEF-0123-456789ABCDEF}.Release|x64.ActiveCfg = Release|Any CPU
		{01234567-89AB-CDEF-0123-456789ABCDEF}.Release|x64.Build.0 = Release|Any CPU
		{01234567-89AB-CDEF-0123-456789ABCDEF}.Release|x86.ActiveCfg = Release|Any CPU
		{01234567-89AB-CDEF-0123-456789ABCDEF}.Release|x86.Build.0 = Release|Any CPU
		{11234567-89AB-CDEF-0123-456789ABCDEF}.Debug|Any CPU.ActiveCfg = Debug|Any CPU
		{11234567-89AB-CDEF-0123-456789ABCDEF}.Debug|Any CPU.Build.0 = Debug|Any CPU
		{11234567-89AB-CDEF-0123-456789ABCDEF}.Debug|x64.ActiveCfg = Debug|Any CPU
		{11234567-89AB-CDEF-0123-456789ABCDEF}.Debug|x64.Build.0 = Debug|Any CPU
		{11234567-89AB-CDEF-0123-456789ABCDEF}.Debug|x86.ActiveCfg = Debug|Any CPU
		{11234567-89AB-CDEF-0123-456789ABCDEF}.Debug|x86.Build.0 = Debug|Any CPU
		{11234567-89AB-CDEF-0123-456789ABCDEF}.Release|Any CPU.ActiveCfg = Release|Any CPU
		{11234567-89AB-CDEF-0123-456789ABCDEF}.Release|Any CPU.Build.0 = Release|Any CPU
		{11234567-89AB-CDEF-0123-456789ABCDEF}.Release|x64.ActiveCfg = Release|Any CPU
		{11234567-89AB-CDEF-0123-456789ABCDEF}.Release|x64.Build.0 = Release|Any CPU
		{11234567-89AB-CDEF-0123-456789ABCDEF}.Release|x86.ActiveCfg = Release|Any CPU
		{11234567-89AB-CDEF-0123-456789ABCDEF}.Release|x86.Build.0 = Release|Any CPU
	EndGlobalSection
	GlobalSection(SolutionProperties) = preSolution
		HideSolutionNode = FALSE
	EndGlobalSection
	GlobalSection(NestedProjects) = preSolution
		{1E7907EE-E242-46F8-BDDC-2DB66238D5CC} = {F0A1B2C3-D4E5-F6A7-B8C9-D0E1F2A3B4C5}
		{0C0702C9-520F-4AE2-8688-CD273FDD09DB} = {F0A1B2C3-D4E5-F6A7-B8C9-D0E1F2A3B4C5}
		{F1C9543F-760E-47DC-B832-69BBCBE92863} = {A1B2C3D4-E5F6-A7B8-C9D0-E1F2A3B4C5D6}
		{B7985980-0470-43A6-B809-F4338F7116EF} = {B2C3D4E5-F6A7-B8C9-D0E1-F2A3B4C5D6E7}
		{4C3A37DB-61A1-43CB-B542-4B26FE5460D6} = {B2C3D4E5-F6A7-B8C9-D0E1-F2A3B4C5D6E7}
		{B477A955-836B-4241-B067-D2EFF094DE7C} = {B2C3D4E5-F6A7-B8C9-D0E1-F2A3B4C5D6E7}
		{C6A7E6F1-8E3E-4D28-9B8F-1D2E53C2E6C0} = {B2C3D4E5-F6A7-B8C9-D0E1-F2A3B4C5D6E7}
		{E953C858-4B64-4E2B-9F8C-13FD9F7C2E6A} = {B2C3D4E5-F6A7-B8C9-D0E1-F2A3B4C5D6E7}
		{A1234567-89AB-CDEF-0123-456789ABCDEF} = {B2C3D4E5-F6A7-B8C9-D0E1-F2A3B4C5D6E7}
		{B1234567-89AB-CDEF-0123-456789ABCDEF} = {C3D4E5F6-A7B8-C9D0-E1F2-A3B4C5D6E7F8}
		{C1234567-89AB-CDEF-0123-456789ABCDEF} = {D4E5F6A7-B8C9-D0E1-F2A3-B4C5D6E7F8A9}
		{D1234567-89AB-CDEF-0123-456789ABCDEF} = {D4E5F6A7-B8C9-D0E1-F2A3-B4C5D6E7F8A9}
		{E1234567-89AB-CDEF-0123-456789ABCDEF} = {E5F6A7B8-C9D0-E1F2-A3B4-C5D6E7F8A9B0}
		{F1234567-89AB-CDEF-0123-456789ABCDEF} = {E5F6A7B8-C9D0-E1F2-A3B4-C5D6E7F8A9B0}
		{01234567-89AB-CDEF-0123-456789ABCDEF} = {F6A7B8C9-D0E1-F2A3-B4C5-D6E7F8A9B0C1}
		{11234567-89AB-CDEF-0123-456789ABCDEF} = {A7B8C9D0-E1F2-A3B4-C5D6-E7F8A9B0C1D2}
	EndGlobalSection
EndGlobal
